// !$*UTF8*$!
{
	archiveVersion = 1;
	classes = {
	};
	objectVersion = 46;
	objects = {

/* Begin PBXBuildFile section */
		94EC6C6B159666080018AD05 /* UIKit.framework in Frameworks */ = {isa = PBXBuildFile; fileRef = 94EC6C6A159666080018AD05 /* UIKit.framework */; };
		94EC6C6D159666080018AD05 /* Foundation.framework in Frameworks */ = {isa = PBXBuildFile; fileRef = 94EC6C6C159666080018AD05 /* Foundation.framework */; };
		94EC6C6F159666080018AD05 /* CoreGraphics.framework in Frameworks */ = {isa = PBXBuildFile; fileRef = 94EC6C6E159666080018AD05 /* CoreGraphics.framework */; };
		94EC6C75159666080018AD05 /* InfoPlist.strings in Resources */ = {isa = PBXBuildFile; fileRef = 94EC6C73159666080018AD05 /* InfoPlist.strings */; };
		94EC6C77159666080018AD05 /* main.m in Sources */ = {isa = PBXBuildFile; fileRef = 94EC6C76159666080018AD05 /* main.m */; };
		94EC6C7B159666080018AD05 /* SportsBardAppDelegate.m in Sources */ = {isa = PBXBuildFile; fileRef = 94EC6C7A159666080018AD05 /* SportsBardAppDelegate.m */; };
		94EC6C88159666980018AD05 /* MainViewController.m in Sources */ = {isa = PBXBuildFile; fileRef = 94EC6C86159666980018AD05 /* MainViewController.m */; };
		94EC6C89159666980018AD05 /* MainViewController.xib in Resources */ = {isa = PBXBuildFile; fileRef = 94EC6C87159666980018AD05 /* MainViewController.xib */; };
		94EC6C92159673C20018AD05 /* SportSelectionViewController.m in Sources */ = {isa = PBXBuildFile; fileRef = 94EC6C90159673C20018AD05 /* SportSelectionViewController.m */; };
		94EC6C93159673C20018AD05 /* SportSelectionViewController.xib in Resources */ = {isa = PBXBuildFile; fileRef = 94EC6C91159673C20018AD05 /* SportSelectionViewController.xib */; };
		94EC6C97159677310018AD05 /* GamesViewController.m in Sources */ = {isa = PBXBuildFile; fileRef = 94EC6C95159677310018AD05 /* GamesViewController.m */; };
		94EC6C98159677310018AD05 /* GamesViewController.xib in Resources */ = {isa = PBXBuildFile; fileRef = 94EC6C96159677310018AD05 /* GamesViewController.xib */; };
		94EC6C9B15967EEC0018AD05 /* GameTableViewCell.m in Sources */ = {isa = PBXBuildFile; fileRef = 94EC6C9A15967EEC0018AD05 /* GameTableViewCell.m */; };
		94EC6CB51596912A0018AD05 /* ASIAuthenticationDialog.m in Sources */ = {isa = PBXBuildFile; fileRef = 94EC6C9F1596912A0018AD05 /* ASIAuthenticationDialog.m */; settings = {COMPILER_FLAGS = "-fno-objc-arc"; }; };
		94EC6CB61596912A0018AD05 /* ASIDataCompressor.m in Sources */ = {isa = PBXBuildFile; fileRef = 94EC6CA21596912A0018AD05 /* ASIDataCompressor.m */; settings = {COMPILER_FLAGS = "-fno-objc-arc"; }; };
		94EC6CB71596912A0018AD05 /* ASIDataDecompressor.m in Sources */ = {isa = PBXBuildFile; fileRef = 94EC6CA41596912A0018AD05 /* ASIDataDecompressor.m */; settings = {COMPILER_FLAGS = "-fno-objc-arc"; }; };
		94EC6CB81596912A0018AD05 /* ASIDownloadCache.m in Sources */ = {isa = PBXBuildFile; fileRef = 94EC6CA61596912A0018AD05 /* ASIDownloadCache.m */; settings = {COMPILER_FLAGS = "-fno-objc-arc"; }; };
		94EC6CB91596912A0018AD05 /* ASIFormDataRequest.m in Sources */ = {isa = PBXBuildFile; fileRef = 94EC6CA81596912A0018AD05 /* ASIFormDataRequest.m */; settings = {COMPILER_FLAGS = "-fno-objc-arc"; }; };
		94EC6CBA1596912A0018AD05 /* ASIHTTPRequest.m in Sources */ = {isa = PBXBuildFile; fileRef = 94EC6CAA1596912A0018AD05 /* ASIHTTPRequest.m */; settings = {COMPILER_FLAGS = "-fno-objc-arc"; }; };
		94EC6CBB1596912A0018AD05 /* ASIInputStream.m in Sources */ = {isa = PBXBuildFile; fileRef = 94EC6CAE1596912A0018AD05 /* ASIInputStream.m */; settings = {COMPILER_FLAGS = "-fno-objc-arc"; }; };
		94EC6CBC1596912A0018AD05 /* ASINetworkQueue.m in Sources */ = {isa = PBXBuildFile; fileRef = 94EC6CB01596912A0018AD05 /* ASINetworkQueue.m */; settings = {COMPILER_FLAGS = "-fno-objc-arc"; }; };
		94EC6CBD1596912A0018AD05 /* Reachability.m in Sources */ = {isa = PBXBuildFile; fileRef = 94EC6CB41596912A0018AD05 /* Reachability.m */; settings = {COMPILER_FLAGS = "-fno-objc-arc"; }; };
		94EC6CBF159691900018AD05 /* CFNetwork.framework in Frameworks */ = {isa = PBXBuildFile; fileRef = 94EC6CBE159691900018AD05 /* CFNetwork.framework */; };
		94EC6CC1159691960018AD05 /* SystemConfiguration.framework in Frameworks */ = {isa = PBXBuildFile; fileRef = 94EC6CC0159691960018AD05 /* SystemConfiguration.framework */; };
		94EC6CC31596919C0018AD05 /* MobileCoreServices.framework in Frameworks */ = {isa = PBXBuildFile; fileRef = 94EC6CC21596919C0018AD05 /* MobileCoreServices.framework */; };
		94EC6CC5159691E30018AD05 /* libz.dylib in Frameworks */ = {isa = PBXBuildFile; fileRef = 94EC6CC4159691E30018AD05 /* libz.dylib */; };
		94EC6CC8159692190018AD05 /* DataRequester.m in Sources */ = {isa = PBXBuildFile; fileRef = 94EC6CC7159692190018AD05 /* DataRequester.m */; };
		94EC6EF6159694B30018AD05 /* .gitignore in Resources */ = {isa = PBXBuildFile; fileRef = 94EC6CCA159694B20018AD05 /* .gitignore */; };
		94EC6EF7159694B30018AD05 /* .gitmodules in Resources */ = {isa = PBXBuildFile; fileRef = 94EC6CCB159694B20018AD05 /* .gitmodules */; };
		94EC6EF8159694B30018AD05 /* LICENSE in Resources */ = {isa = PBXBuildFile; fileRef = 94EC6CCC159694B20018AD05 /* LICENSE */; };
		94EC6EF9159694B30018AD05 /* README.md in Resources */ = {isa = PBXBuildFile; fileRef = 94EC6CCD159694B20018AD05 /* README.md */; };
		94EC6EFA159694B30018AD05 /* SocketIO.m in Sources */ = {isa = PBXBuildFile; fileRef = 94EC6CCF159694B20018AD05 /* SocketIO.m */; };
		94EC6F01159694B30018AD05 /* .gitignore in Resources */ = {isa = PBXBuildFile; fileRef = 94EC6CE0159694B20018AD05 /* .gitignore */; };
		94EC6F02159694B30018AD05 /* .gitignore in Resources */ = {isa = PBXBuildFile; fileRef = 94EC6CE2159694B20018AD05 /* .gitignore */; };
		94EC6F03159694B30018AD05 /* NSObject+SBJson.m in Sources */ = {isa = PBXBuildFile; fileRef = 94EC6CE5159694B20018AD05 /* NSObject+SBJson.m */; };
		94EC6F04159694B30018AD05 /* SBJsonParser.m in Sources */ = {isa = PBXBuildFile; fileRef = 94EC6CE8159694B20018AD05 /* SBJsonParser.m */; };
		94EC6F05159694B30018AD05 /* SBJsonStreamParser.m in Sources */ = {isa = PBXBuildFile; fileRef = 94EC6CEA159694B20018AD05 /* SBJsonStreamParser.m */; };
		94EC6F06159694B30018AD05 /* SBJsonStreamParserAccumulator.m in Sources */ = {isa = PBXBuildFile; fileRef = 94EC6CEC159694B20018AD05 /* SBJsonStreamParserAccumulator.m */; };
		94EC6F07159694B30018AD05 /* SBJsonStreamParserAdapter.m in Sources */ = {isa = PBXBuildFile; fileRef = 94EC6CEE159694B20018AD05 /* SBJsonStreamParserAdapter.m */; };
		94EC6F08159694B30018AD05 /* SBJsonStreamParserState.m in Sources */ = {isa = PBXBuildFile; fileRef = 94EC6CF0159694B20018AD05 /* SBJsonStreamParserState.m */; };
		94EC6F09159694B30018AD05 /* SBJsonStreamWriter.m in Sources */ = {isa = PBXBuildFile; fileRef = 94EC6CF2159694B20018AD05 /* SBJsonStreamWriter.m */; };
		94EC6F0A159694B30018AD05 /* SBJsonStreamWriterAccumulator.m in Sources */ = {isa = PBXBuildFile; fileRef = 94EC6CF4159694B20018AD05 /* SBJsonStreamWriterAccumulator.m */; };
		94EC6F0B159694B30018AD05 /* SBJsonStreamWriterState.m in Sources */ = {isa = PBXBuildFile; fileRef = 94EC6CF6159694B20018AD05 /* SBJsonStreamWriterState.m */; };
		94EC6F0C159694B30018AD05 /* SBJsonTokeniser.m in Sources */ = {isa = PBXBuildFile; fileRef = 94EC6CF8159694B20018AD05 /* SBJsonTokeniser.m */; };
		94EC6F0D159694B30018AD05 /* SBJsonUTF8Stream.m in Sources */ = {isa = PBXBuildFile; fileRef = 94EC6CFA159694B20018AD05 /* SBJsonUTF8Stream.m */; };
		94EC6F0E159694B30018AD05 /* SBJsonWriter.m in Sources */ = {isa = PBXBuildFile; fileRef = 94EC6CFC159694B20018AD05 /* SBJsonWriter.m */; };
		94EC6F27159694B30018AD05 /* InfoPlist.strings in Resources */ = {isa = PBXBuildFile; fileRef = 94EC6D2D159694B20018AD05 /* InfoPlist.strings */; };
		94EC6F28159694B30018AD05 /* SBJson-Info.plist in Resources */ = {isa = PBXBuildFile; fileRef = 94EC6D2F159694B20018AD05 /* SBJson-Info.plist */; };
		94EC7037159694B40018AD05 /* .gitignore in Resources */ = {isa = PBXBuildFile; fileRef = 94EC6E9D159694B20018AD05 /* .gitignore */; };
		94EC7038159694B40018AD05 /* .gitmodules in Resources */ = {isa = PBXBuildFile; fileRef = 94EC6E9E159694B20018AD05 /* .gitmodules */; };
		94EC7039159694B40018AD05 /* LICENSE.txt in Resources */ = {isa = PBXBuildFile; fileRef = 94EC6EA1159694B20018AD05 /* LICENSE.txt */; };
		94EC703A159694B40018AD05 /* virtualenv.py in Resources */ = {isa = PBXBuildFile; fileRef = 94EC6EA2159694B20018AD05 /* virtualenv.py */; };
		94EC703B159694B40018AD05 /* LICENSE in Resources */ = {isa = PBXBuildFile; fileRef = 94EC6EA3159694B20018AD05 /* LICENSE */; };
		94EC703C159694B40018AD05 /* Makefile in Sources */ = {isa = PBXBuildFile; fileRef = 94EC6EA4159694B20018AD05 /* Makefile */; };
		94EC703D159694B40018AD05 /* README.rst in Resources */ = {isa = PBXBuildFile; fileRef = 94EC6EA6159694B20018AD05 /* README.rst */; };
		94EC703E159694B40018AD05 /* base64.c in Sources */ = {isa = PBXBuildFile; fileRef = 94EC6EA8159694B20018AD05 /* base64.c */; };
		94EC703F159694B40018AD05 /* NSData+SRB64Additions.m in Sources */ = {isa = PBXBuildFile; fileRef = 94EC6EAB159694B20018AD05 /* NSData+SRB64Additions.m */; };
		94EC7040159694B40018AD05 /* SRWebSocket.m in Sources */ = {isa = PBXBuildFile; fileRef = 94EC6EAE159694B20018AD05 /* SRWebSocket.m */; };
		94EC7041159694B40018AD05 /* SocketRocket.podspec in Resources */ = {isa = PBXBuildFile; fileRef = 94EC6EAF159694B20018AD05 /* SocketRocket.podspec */; };
		94EC7042159694B40018AD05 /* SocketRocketOSX-Info.plist in Resources */ = {isa = PBXBuildFile; fileRef = 94EC6EB4159694B20018AD05 /* SocketRocketOSX-Info.plist */; };
		94EC707F159695190018AD05 /* libicucore.dylib in Frameworks */ = {isa = PBXBuildFile; fileRef = 94EC707E159695190018AD05 /* libicucore.dylib */; };
		94EC7081159695250018AD05 /* Security.framework in Frameworks */ = {isa = PBXBuildFile; fileRef = 94EC7080159695240018AD05 /* Security.framework */; };
/* End PBXBuildFile section */

/* Begin PBXContainerItemProxy section */
		94EC706F159694B40018AD05 /* PBXContainerItemProxy */ = {
			isa = PBXContainerItemProxy;
			containerPortal = 94EC6EB0159694B20018AD05 /* SocketRocket.xcodeproj */;
			proxyType = 2;
			remoteGlobalIDString = F6B2082D1450F597009315AF;
			remoteInfo = SocketRocket;
		};
		94EC7071159694B40018AD05 /* PBXContainerItemProxy */ = {
			isa = PBXContainerItemProxy;
			containerPortal = 94EC6EB0159694B20018AD05 /* SocketRocket.xcodeproj */;
			proxyType = 2;
			remoteGlobalIDString = F668C880153E91210044DBAC;
			remoteInfo = SocketRocketOSX;
		};
		94EC7073159694B40018AD05 /* PBXContainerItemProxy */ = {
			isa = PBXContainerItemProxy;
			containerPortal = 94EC6EB0159694B20018AD05 /* SocketRocket.xcodeproj */;
			proxyType = 2;
			remoteGlobalIDString = F6BDA802145900D200FE3253;
			remoteInfo = SRWebSocketTests;
		};
		94EC7075159694B40018AD05 /* PBXContainerItemProxy */ = {
			isa = PBXContainerItemProxy;
			containerPortal = 94EC6EB0159694B20018AD05 /* SocketRocket.xcodeproj */;
			proxyType = 2;
			remoteGlobalIDString = F62417E314D52F3C003CE997;
			remoteInfo = TestChat;
		};
/* End PBXContainerItemProxy section */

/* Begin PBXFileReference section */
		94EC6C66159666080018AD05 /* SportsBard.app */ = {isa = PBXFileReference; explicitFileType = wrapper.application; includeInIndex = 0; path = SportsBard.app; sourceTree = BUILT_PRODUCTS_DIR; };
		94EC6C6A159666080018AD05 /* UIKit.framework */ = {isa = PBXFileReference; lastKnownFileType = wrapper.framework; name = UIKit.framework; path = System/Library/Frameworks/UIKit.framework; sourceTree = SDKROOT; };
		94EC6C6C159666080018AD05 /* Foundation.framework */ = {isa = PBXFileReference; lastKnownFileType = wrapper.framework; name = Foundation.framework; path = System/Library/Frameworks/Foundation.framework; sourceTree = SDKROOT; };
		94EC6C6E159666080018AD05 /* CoreGraphics.framework */ = {isa = PBXFileReference; lastKnownFileType = wrapper.framework; name = CoreGraphics.framework; path = System/Library/Frameworks/CoreGraphics.framework; sourceTree = SDKROOT; };
		94EC6C72159666080018AD05 /* SportsBard-Info.plist */ = {isa = PBXFileReference; lastKnownFileType = text.plist.xml; path = "SportsBard-Info.plist"; sourceTree = "<group>"; };
		94EC6C74159666080018AD05 /* en */ = {isa = PBXFileReference; lastKnownFileType = text.plist.strings; name = en; path = en.lproj/InfoPlist.strings; sourceTree = "<group>"; };
		94EC6C76159666080018AD05 /* main.m */ = {isa = PBXFileReference; lastKnownFileType = sourcecode.c.objc; path = main.m; sourceTree = "<group>"; };
		94EC6C78159666080018AD05 /* SportsBard-Prefix.pch */ = {isa = PBXFileReference; lastKnownFileType = sourcecode.c.h; path = "SportsBard-Prefix.pch"; sourceTree = "<group>"; };
		94EC6C79159666080018AD05 /* SportsBardAppDelegate.h */ = {isa = PBXFileReference; lastKnownFileType = sourcecode.c.h; path = SportsBardAppDelegate.h; sourceTree = "<group>"; };
		94EC6C7A159666080018AD05 /* SportsBardAppDelegate.m */ = {isa = PBXFileReference; lastKnownFileType = sourcecode.c.objc; path = SportsBardAppDelegate.m; sourceTree = "<group>"; };
		94EC6C85159666980018AD05 /* MainViewController.h */ = {isa = PBXFileReference; fileEncoding = 4; lastKnownFileType = sourcecode.c.h; path = MainViewController.h; sourceTree = "<group>"; };
		94EC6C86159666980018AD05 /* MainViewController.m */ = {isa = PBXFileReference; fileEncoding = 4; lastKnownFileType = sourcecode.c.objc; path = MainViewController.m; sourceTree = "<group>"; };
		94EC6C87159666980018AD05 /* MainViewController.xib */ = {isa = PBXFileReference; fileEncoding = 4; lastKnownFileType = file.xib; path = MainViewController.xib; sourceTree = "<group>"; };
		94EC6C8F159673C20018AD05 /* SportSelectionViewController.h */ = {isa = PBXFileReference; fileEncoding = 4; lastKnownFileType = sourcecode.c.h; path = SportSelectionViewController.h; sourceTree = "<group>"; };
		94EC6C90159673C20018AD05 /* SportSelectionViewController.m */ = {isa = PBXFileReference; fileEncoding = 4; lastKnownFileType = sourcecode.c.objc; path = SportSelectionViewController.m; sourceTree = "<group>"; };
		94EC6C91159673C20018AD05 /* SportSelectionViewController.xib */ = {isa = PBXFileReference; fileEncoding = 4; lastKnownFileType = file.xib; path = SportSelectionViewController.xib; sourceTree = "<group>"; };
		94EC6C94159677310018AD05 /* GamesViewController.h */ = {isa = PBXFileReference; fileEncoding = 4; lastKnownFileType = sourcecode.c.h; path = GamesViewController.h; sourceTree = "<group>"; };
		94EC6C95159677310018AD05 /* GamesViewController.m */ = {isa = PBXFileReference; fileEncoding = 4; lastKnownFileType = sourcecode.c.objc; path = GamesViewController.m; sourceTree = "<group>"; };
		94EC6C96159677310018AD05 /* GamesViewController.xib */ = {isa = PBXFileReference; fileEncoding = 4; lastKnownFileType = file.xib; path = GamesViewController.xib; sourceTree = "<group>"; };
		94EC6C9915967EEC0018AD05 /* GameTableViewCell.h */ = {isa = PBXFileReference; fileEncoding = 4; lastKnownFileType = sourcecode.c.h; path = GameTableViewCell.h; sourceTree = "<group>"; };
		94EC6C9A15967EEC0018AD05 /* GameTableViewCell.m */ = {isa = PBXFileReference; fileEncoding = 4; lastKnownFileType = sourcecode.c.objc; path = GameTableViewCell.m; sourceTree = "<group>"; };
		94EC6C9E1596912A0018AD05 /* ASIAuthenticationDialog.h */ = {isa = PBXFileReference; fileEncoding = 4; lastKnownFileType = sourcecode.c.h; path = ASIAuthenticationDialog.h; sourceTree = "<group>"; };
		94EC6C9F1596912A0018AD05 /* ASIAuthenticationDialog.m */ = {isa = PBXFileReference; fileEncoding = 4; lastKnownFileType = sourcecode.c.objc; path = ASIAuthenticationDialog.m; sourceTree = "<group>"; };
		94EC6CA01596912A0018AD05 /* ASICacheDelegate.h */ = {isa = PBXFileReference; fileEncoding = 4; lastKnownFileType = sourcecode.c.h; path = ASICacheDelegate.h; sourceTree = "<group>"; };
		94EC6CA11596912A0018AD05 /* ASIDataCompressor.h */ = {isa = PBXFileReference; fileEncoding = 4; lastKnownFileType = sourcecode.c.h; path = ASIDataCompressor.h; sourceTree = "<group>"; };
		94EC6CA21596912A0018AD05 /* ASIDataCompressor.m */ = {isa = PBXFileReference; fileEncoding = 4; lastKnownFileType = sourcecode.c.objc; path = ASIDataCompressor.m; sourceTree = "<group>"; };
		94EC6CA31596912A0018AD05 /* ASIDataDecompressor.h */ = {isa = PBXFileReference; fileEncoding = 4; lastKnownFileType = sourcecode.c.h; path = ASIDataDecompressor.h; sourceTree = "<group>"; };
		94EC6CA41596912A0018AD05 /* ASIDataDecompressor.m */ = {isa = PBXFileReference; fileEncoding = 4; lastKnownFileType = sourcecode.c.objc; path = ASIDataDecompressor.m; sourceTree = "<group>"; };
		94EC6CA51596912A0018AD05 /* ASIDownloadCache.h */ = {isa = PBXFileReference; fileEncoding = 4; lastKnownFileType = sourcecode.c.h; path = ASIDownloadCache.h; sourceTree = "<group>"; };
		94EC6CA61596912A0018AD05 /* ASIDownloadCache.m */ = {isa = PBXFileReference; fileEncoding = 4; lastKnownFileType = sourcecode.c.objc; path = ASIDownloadCache.m; sourceTree = "<group>"; };
		94EC6CA71596912A0018AD05 /* ASIFormDataRequest.h */ = {isa = PBXFileReference; fileEncoding = 4; lastKnownFileType = sourcecode.c.h; path = ASIFormDataRequest.h; sourceTree = "<group>"; };
		94EC6CA81596912A0018AD05 /* ASIFormDataRequest.m */ = {isa = PBXFileReference; fileEncoding = 4; lastKnownFileType = sourcecode.c.objc; path = ASIFormDataRequest.m; sourceTree = "<group>"; };
		94EC6CA91596912A0018AD05 /* ASIHTTPRequest.h */ = {isa = PBXFileReference; fileEncoding = 4; lastKnownFileType = sourcecode.c.h; path = ASIHTTPRequest.h; sourceTree = "<group>"; };
		94EC6CAA1596912A0018AD05 /* ASIHTTPRequest.m */ = {isa = PBXFileReference; fileEncoding = 4; lastKnownFileType = sourcecode.c.objc; path = ASIHTTPRequest.m; sourceTree = "<group>"; };
		94EC6CAB1596912A0018AD05 /* ASIHTTPRequestConfig.h */ = {isa = PBXFileReference; fileEncoding = 4; lastKnownFileType = sourcecode.c.h; path = ASIHTTPRequestConfig.h; sourceTree = "<group>"; };
		94EC6CAC1596912A0018AD05 /* ASIHTTPRequestDelegate.h */ = {isa = PBXFileReference; fileEncoding = 4; lastKnownFileType = sourcecode.c.h; path = ASIHTTPRequestDelegate.h; sourceTree = "<group>"; };
		94EC6CAD1596912A0018AD05 /* ASIInputStream.h */ = {isa = PBXFileReference; fileEncoding = 4; lastKnownFileType = sourcecode.c.h; path = ASIInputStream.h; sourceTree = "<group>"; };
		94EC6CAE1596912A0018AD05 /* ASIInputStream.m */ = {isa = PBXFileReference; fileEncoding = 4; lastKnownFileType = sourcecode.c.objc; path = ASIInputStream.m; sourceTree = "<group>"; };
		94EC6CAF1596912A0018AD05 /* ASINetworkQueue.h */ = {isa = PBXFileReference; fileEncoding = 4; lastKnownFileType = sourcecode.c.h; path = ASINetworkQueue.h; sourceTree = "<group>"; };
		94EC6CB01596912A0018AD05 /* ASINetworkQueue.m */ = {isa = PBXFileReference; fileEncoding = 4; lastKnownFileType = sourcecode.c.objc; path = ASINetworkQueue.m; sourceTree = "<group>"; };
		94EC6CB11596912A0018AD05 /* ASIProgressDelegate.h */ = {isa = PBXFileReference; fileEncoding = 4; lastKnownFileType = sourcecode.c.h; path = ASIProgressDelegate.h; sourceTree = "<group>"; };
		94EC6CB31596912A0018AD05 /* Reachability.h */ = {isa = PBXFileReference; fileEncoding = 4; lastKnownFileType = sourcecode.c.h; path = Reachability.h; sourceTree = "<group>"; };
		94EC6CB41596912A0018AD05 /* Reachability.m */ = {isa = PBXFileReference; fileEncoding = 4; lastKnownFileType = sourcecode.c.objc; path = Reachability.m; sourceTree = "<group>"; };
		94EC6CBE159691900018AD05 /* CFNetwork.framework */ = {isa = PBXFileReference; lastKnownFileType = wrapper.framework; name = CFNetwork.framework; path = System/Library/Frameworks/CFNetwork.framework; sourceTree = SDKROOT; };
		94EC6CC0159691960018AD05 /* SystemConfiguration.framework */ = {isa = PBXFileReference; lastKnownFileType = wrapper.framework; name = SystemConfiguration.framework; path = System/Library/Frameworks/SystemConfiguration.framework; sourceTree = SDKROOT; };
		94EC6CC21596919C0018AD05 /* MobileCoreServices.framework */ = {isa = PBXFileReference; lastKnownFileType = wrapper.framework; name = MobileCoreServices.framework; path = System/Library/Frameworks/MobileCoreServices.framework; sourceTree = SDKROOT; };
		94EC6CC4159691E30018AD05 /* libz.dylib */ = {isa = PBXFileReference; lastKnownFileType = "compiled.mach-o.dylib"; name = libz.dylib; path = usr/lib/libz.dylib; sourceTree = SDKROOT; };
		94EC6CC6159692190018AD05 /* DataRequester.h */ = {isa = PBXFileReference; fileEncoding = 4; lastKnownFileType = sourcecode.c.h; path = DataRequester.h; sourceTree = "<group>"; };
		94EC6CC7159692190018AD05 /* DataRequester.m */ = {isa = PBXFileReference; fileEncoding = 4; lastKnownFileType = sourcecode.c.objc; path = DataRequester.m; sourceTree = "<group>"; };
		94EC6CCA159694B20018AD05 /* .gitignore */ = {isa = PBXFileReference; fileEncoding = 4; lastKnownFileType = text; path = .gitignore; sourceTree = "<group>"; };
		94EC6CCB159694B20018AD05 /* .gitmodules */ = {isa = PBXFileReference; fileEncoding = 4; lastKnownFileType = text; path = .gitmodules; sourceTree = "<group>"; };
		94EC6CCC159694B20018AD05 /* LICENSE */ = {isa = PBXFileReference; fileEncoding = 4; lastKnownFileType = text; path = LICENSE; sourceTree = "<group>"; };
		94EC6CCD159694B20018AD05 /* README.md */ = {isa = PBXFileReference; fileEncoding = 4; lastKnownFileType = text; path = README.md; sourceTree = "<group>"; };
		94EC6CCE159694B20018AD05 /* SocketIO.h */ = {isa = PBXFileReference; fileEncoding = 4; lastKnownFileType = sourcecode.c.h; path = SocketIO.h; sourceTree = "<group>"; };
		94EC6CCF159694B20018AD05 /* SocketIO.m */ = {isa = PBXFileReference; fileEncoding = 4; lastKnownFileType = sourcecode.c.objc; path = SocketIO.m; sourceTree = "<group>"; };
		94EC6CE0159694B20018AD05 /* .gitignore */ = {isa = PBXFileReference; fileEncoding = 4; lastKnownFileType = text; path = .gitignore; sourceTree = "<group>"; };
		94EC6CE2159694B20018AD05 /* .gitignore */ = {isa = PBXFileReference; fileEncoding = 4; lastKnownFileType = text; path = .gitignore; sourceTree = "<group>"; };
		94EC6CE4159694B20018AD05 /* NSObject+SBJson.h */ = {isa = PBXFileReference; fileEncoding = 4; lastKnownFileType = sourcecode.c.h; path = "NSObject+SBJson.h"; sourceTree = "<group>"; };
		94EC6CE5159694B20018AD05 /* NSObject+SBJson.m */ = {isa = PBXFileReference; fileEncoding = 4; lastKnownFileType = sourcecode.c.objc; path = "NSObject+SBJson.m"; sourceTree = "<group>"; };
		94EC6CE6159694B20018AD05 /* SBJson.h */ = {isa = PBXFileReference; fileEncoding = 4; lastKnownFileType = sourcecode.c.h; path = SBJson.h; sourceTree = "<group>"; };
		94EC6CE7159694B20018AD05 /* SBJsonParser.h */ = {isa = PBXFileReference; fileEncoding = 4; lastKnownFileType = sourcecode.c.h; path = SBJsonParser.h; sourceTree = "<group>"; };
		94EC6CE8159694B20018AD05 /* SBJsonParser.m */ = {isa = PBXFileReference; fileEncoding = 4; lastKnownFileType = sourcecode.c.objc; path = SBJsonParser.m; sourceTree = "<group>"; };
		94EC6CE9159694B20018AD05 /* SBJsonStreamParser.h */ = {isa = PBXFileReference; fileEncoding = 4; lastKnownFileType = sourcecode.c.h; path = SBJsonStreamParser.h; sourceTree = "<group>"; };
		94EC6CEA159694B20018AD05 /* SBJsonStreamParser.m */ = {isa = PBXFileReference; fileEncoding = 4; lastKnownFileType = sourcecode.c.objc; path = SBJsonStreamParser.m; sourceTree = "<group>"; };
		94EC6CEB159694B20018AD05 /* SBJsonStreamParserAccumulator.h */ = {isa = PBXFileReference; fileEncoding = 4; lastKnownFileType = sourcecode.c.h; path = SBJsonStreamParserAccumulator.h; sourceTree = "<group>"; };
		94EC6CEC159694B20018AD05 /* SBJsonStreamParserAccumulator.m */ = {isa = PBXFileReference; fileEncoding = 4; lastKnownFileType = sourcecode.c.objc; path = SBJsonStreamParserAccumulator.m; sourceTree = "<group>"; };
		94EC6CED159694B20018AD05 /* SBJsonStreamParserAdapter.h */ = {isa = PBXFileReference; fileEncoding = 4; lastKnownFileType = sourcecode.c.h; path = SBJsonStreamParserAdapter.h; sourceTree = "<group>"; };
		94EC6CEE159694B20018AD05 /* SBJsonStreamParserAdapter.m */ = {isa = PBXFileReference; fileEncoding = 4; lastKnownFileType = sourcecode.c.objc; path = SBJsonStreamParserAdapter.m; sourceTree = "<group>"; };
		94EC6CEF159694B20018AD05 /* SBJsonStreamParserState.h */ = {isa = PBXFileReference; fileEncoding = 4; lastKnownFileType = sourcecode.c.h; path = SBJsonStreamParserState.h; sourceTree = "<group>"; };
		94EC6CF0159694B20018AD05 /* SBJsonStreamParserState.m */ = {isa = PBXFileReference; fileEncoding = 4; lastKnownFileType = sourcecode.c.objc; path = SBJsonStreamParserState.m; sourceTree = "<group>"; };
		94EC6CF1159694B20018AD05 /* SBJsonStreamWriter.h */ = {isa = PBXFileReference; fileEncoding = 4; lastKnownFileType = sourcecode.c.h; path = SBJsonStreamWriter.h; sourceTree = "<group>"; };
		94EC6CF2159694B20018AD05 /* SBJsonStreamWriter.m */ = {isa = PBXFileReference; fileEncoding = 4; lastKnownFileType = sourcecode.c.objc; path = SBJsonStreamWriter.m; sourceTree = "<group>"; };
		94EC6CF3159694B20018AD05 /* SBJsonStreamWriterAccumulator.h */ = {isa = PBXFileReference; fileEncoding = 4; lastKnownFileType = sourcecode.c.h; path = SBJsonStreamWriterAccumulator.h; sourceTree = "<group>"; };
		94EC6CF4159694B20018AD05 /* SBJsonStreamWriterAccumulator.m */ = {isa = PBXFileReference; fileEncoding = 4; lastKnownFileType = sourcecode.c.objc; path = SBJsonStreamWriterAccumulator.m; sourceTree = "<group>"; };
		94EC6CF5159694B20018AD05 /* SBJsonStreamWriterState.h */ = {isa = PBXFileReference; fileEncoding = 4; lastKnownFileType = sourcecode.c.h; path = SBJsonStreamWriterState.h; sourceTree = "<group>"; };
		94EC6CF6159694B20018AD05 /* SBJsonStreamWriterState.m */ = {isa = PBXFileReference; fileEncoding = 4; lastKnownFileType = sourcecode.c.objc; path = SBJsonStreamWriterState.m; sourceTree = "<group>"; };
		94EC6CF7159694B20018AD05 /* SBJsonTokeniser.h */ = {isa = PBXFileReference; fileEncoding = 4; lastKnownFileType = sourcecode.c.h; path = SBJsonTokeniser.h; sourceTree = "<group>"; };
		94EC6CF8159694B20018AD05 /* SBJsonTokeniser.m */ = {isa = PBXFileReference; fileEncoding = 4; lastKnownFileType = sourcecode.c.objc; path = SBJsonTokeniser.m; sourceTree = "<group>"; };
		94EC6CF9159694B20018AD05 /* SBJsonUTF8Stream.h */ = {isa = PBXFileReference; fileEncoding = 4; lastKnownFileType = sourcecode.c.h; path = SBJsonUTF8Stream.h; sourceTree = "<group>"; };
		94EC6CFA159694B20018AD05 /* SBJsonUTF8Stream.m */ = {isa = PBXFileReference; fileEncoding = 4; lastKnownFileType = sourcecode.c.objc; path = SBJsonUTF8Stream.m; sourceTree = "<group>"; };
		94EC6CFB159694B20018AD05 /* SBJsonWriter.h */ = {isa = PBXFileReference; fileEncoding = 4; lastKnownFileType = sourcecode.c.h; path = SBJsonWriter.h; sourceTree = "<group>"; };
		94EC6CFC159694B20018AD05 /* SBJsonWriter.m */ = {isa = PBXFileReference; fileEncoding = 4; lastKnownFileType = sourcecode.c.objc; path = SBJsonWriter.m; sourceTree = "<group>"; };
		94EC6D2E159694B20018AD05 /* en */ = {isa = PBXFileReference; lastKnownFileType = text.plist.strings; name = en; path = en.lproj/InfoPlist.strings; sourceTree = "<group>"; };
		94EC6D2F159694B20018AD05 /* SBJson-Info.plist */ = {isa = PBXFileReference; fileEncoding = 4; lastKnownFileType = text.plist.xml; path = "SBJson-Info.plist"; sourceTree = "<group>"; };
		94EC6D30159694B20018AD05 /* SBJson-Prefix.pch */ = {isa = PBXFileReference; fileEncoding = 4; lastKnownFileType = sourcecode.c.h; path = "SBJson-Prefix.pch"; sourceTree = "<group>"; };
		94EC6D32159694B20018AD05 /* sbjson-ios-Prefix.pch */ = {isa = PBXFileReference; fileEncoding = 4; lastKnownFileType = sourcecode.c.h; path = "sbjson-ios-Prefix.pch"; sourceTree = "<group>"; };
		94EC6E9D159694B20018AD05 /* .gitignore */ = {isa = PBXFileReference; fileEncoding = 4; lastKnownFileType = text; path = .gitignore; sourceTree = "<group>"; };
		94EC6E9E159694B20018AD05 /* .gitmodules */ = {isa = PBXFileReference; fileEncoding = 4; lastKnownFileType = text; path = .gitmodules; sourceTree = "<group>"; };
		94EC6EA1159694B20018AD05 /* LICENSE.txt */ = {isa = PBXFileReference; fileEncoding = 4; lastKnownFileType = text; path = LICENSE.txt; sourceTree = "<group>"; };
		94EC6EA2159694B20018AD05 /* virtualenv.py */ = {isa = PBXFileReference; fileEncoding = 4; lastKnownFileType = text.script.python; path = virtualenv.py; sourceTree = "<group>"; };
		94EC6EA3159694B20018AD05 /* LICENSE */ = {isa = PBXFileReference; fileEncoding = 4; lastKnownFileType = text; path = LICENSE; sourceTree = "<group>"; };
		94EC6EA4159694B20018AD05 /* Makefile */ = {isa = PBXFileReference; fileEncoding = 4; lastKnownFileType = sourcecode.make; path = Makefile; sourceTree = "<group>"; };
		94EC6EA6159694B20018AD05 /* README.rst */ = {isa = PBXFileReference; fileEncoding = 4; lastKnownFileType = text; path = README.rst; sourceTree = "<group>"; };
		94EC6EA8159694B20018AD05 /* base64.c */ = {isa = PBXFileReference; fileEncoding = 4; lastKnownFileType = sourcecode.c.c; path = base64.c; sourceTree = "<group>"; };
		94EC6EA9159694B20018AD05 /* base64.h */ = {isa = PBXFileReference; fileEncoding = 4; lastKnownFileType = sourcecode.c.h; path = base64.h; sourceTree = "<group>"; };
		94EC6EAA159694B20018AD05 /* NSData+SRB64Additions.h */ = {isa = PBXFileReference; fileEncoding = 4; lastKnownFileType = sourcecode.c.h; path = "NSData+SRB64Additions.h"; sourceTree = "<group>"; };
		94EC6EAB159694B20018AD05 /* NSData+SRB64Additions.m */ = {isa = PBXFileReference; fileEncoding = 4; lastKnownFileType = sourcecode.c.objc; path = "NSData+SRB64Additions.m"; sourceTree = "<group>"; };
		94EC6EAC159694B20018AD05 /* SocketRocket-Prefix.pch */ = {isa = PBXFileReference; fileEncoding = 4; lastKnownFileType = sourcecode.c.h; path = "SocketRocket-Prefix.pch"; sourceTree = "<group>"; };
		94EC6EAD159694B20018AD05 /* SRWebSocket.h */ = {isa = PBXFileReference; fileEncoding = 4; lastKnownFileType = sourcecode.c.h; path = SRWebSocket.h; sourceTree = "<group>"; };
		94EC6EAE159694B20018AD05 /* SRWebSocket.m */ = {isa = PBXFileReference; fileEncoding = 4; lastKnownFileType = sourcecode.c.objc; path = SRWebSocket.m; sourceTree = "<group>"; };
		94EC6EAF159694B20018AD05 /* SocketRocket.podspec */ = {isa = PBXFileReference; fileEncoding = 4; lastKnownFileType = text; path = SocketRocket.podspec; sourceTree = "<group>"; };
		94EC6EB0159694B20018AD05 /* SocketRocket.xcodeproj */ = {isa = PBXFileReference; lastKnownFileType = "wrapper.pb-project"; path = SocketRocket.xcodeproj; sourceTree = "<group>"; };
		94EC6EB4159694B20018AD05 /* SocketRocketOSX-Info.plist */ = {isa = PBXFileReference; fileEncoding = 4; lastKnownFileType = text.plist.xml; path = "SocketRocketOSX-Info.plist"; sourceTree = "<group>"; };
		94EC707E159695190018AD05 /* libicucore.dylib */ = {isa = PBXFileReference; lastKnownFileType = "compiled.mach-o.dylib"; name = libicucore.dylib; path = usr/lib/libicucore.dylib; sourceTree = SDKROOT; };
		94EC7080159695240018AD05 /* Security.framework */ = {isa = PBXFileReference; lastKnownFileType = wrapper.framework; name = Security.framework; path = System/Library/Frameworks/Security.framework; sourceTree = SDKROOT; };
/* End PBXFileReference section */

/* Begin PBXFrameworksBuildPhase section */
		94EC6C63159666080018AD05 /* Frameworks */ = {
			isa = PBXFrameworksBuildPhase;
			buildActionMask = 2147483647;
			files = (
				94EC7081159695250018AD05 /* Security.framework in Frameworks */,
				94EC707F159695190018AD05 /* libicucore.dylib in Frameworks */,
				94EC6CC5159691E30018AD05 /* libz.dylib in Frameworks */,
				94EC6C6F159666080018AD05 /* CoreGraphics.framework in Frameworks */,
				94EC6CC31596919C0018AD05 /* MobileCoreServices.framework in Frameworks */,
				94EC6CC1159691960018AD05 /* SystemConfiguration.framework in Frameworks */,
				94EC6CBF159691900018AD05 /* CFNetwork.framework in Frameworks */,
				94EC6C6B159666080018AD05 /* UIKit.framework in Frameworks */,
				94EC6C6D159666080018AD05 /* Foundation.framework in Frameworks */,
			);
			runOnlyForDeploymentPostprocessing = 0;
		};
/* End PBXFrameworksBuildPhase section */

/* Begin PBXGroup section */
		94EC6C5B159666080018AD05 = {
			isa = PBXGroup;
			children = (
				94EC6C70159666080018AD05 /* SportsBard */,
				94EC6C69159666080018AD05 /* Frameworks */,
				94EC6C67159666080018AD05 /* Products */,
			);
			sourceTree = "<group>";
		};
		94EC6C67159666080018AD05 /* Products */ = {
			isa = PBXGroup;
			children = (
				94EC6C66159666080018AD05 /* SportsBard.app */,
			);
			name = Products;
			sourceTree = "<group>";
		};
		94EC6C69159666080018AD05 /* Frameworks */ = {
			isa = PBXGroup;
			children = (
				94EC7080159695240018AD05 /* Security.framework */,
				94EC707E159695190018AD05 /* libicucore.dylib */,
				94EC6CC4159691E30018AD05 /* libz.dylib */,
				94EC6CC21596919C0018AD05 /* MobileCoreServices.framework */,
				94EC6CC0159691960018AD05 /* SystemConfiguration.framework */,
				94EC6CBE159691900018AD05 /* CFNetwork.framework */,
				94EC6C6A159666080018AD05 /* UIKit.framework */,
				94EC6C6C159666080018AD05 /* Foundation.framework */,
				94EC6C6E159666080018AD05 /* CoreGraphics.framework */,
			);
			name = Frameworks;
			sourceTree = "<group>";
		};
		94EC6C70159666080018AD05 /* SportsBard */ = {
			isa = PBXGroup;
			children = (
				94EC6C79159666080018AD05 /* SportsBardAppDelegate.h */,
				94EC6C7A159666080018AD05 /* SportsBardAppDelegate.m */,
				94EC6C85159666980018AD05 /* MainViewController.h */,
				94EC6C86159666980018AD05 /* MainViewController.m */,
				94EC6C87159666980018AD05 /* MainViewController.xib */,
				94EC6C8F159673C20018AD05 /* SportSelectionViewController.h */,
				94EC6C90159673C20018AD05 /* SportSelectionViewController.m */,
				94EC6C91159673C20018AD05 /* SportSelectionViewController.xib */,
				94EC6C94159677310018AD05 /* GamesViewController.h */,
				94EC6C95159677310018AD05 /* GamesViewController.m */,
				94EC6C96159677310018AD05 /* GamesViewController.xib */,
				94EC6C9915967EEC0018AD05 /* GameTableViewCell.h */,
				94EC6C9A15967EEC0018AD05 /* GameTableViewCell.m */,
				94EC6CC6159692190018AD05 /* DataRequester.h */,
				94EC6CC7159692190018AD05 /* DataRequester.m */,
				94EC6C9C1596911C0018AD05 /* External */,
				94EC6C71159666080018AD05 /* Supporting Files */,
			);
			path = SportsBard;
			sourceTree = "<group>";
		};
		94EC6C71159666080018AD05 /* Supporting Files */ = {
			isa = PBXGroup;
			children = (
				94EC6C72159666080018AD05 /* SportsBard-Info.plist */,
				94EC6C73159666080018AD05 /* InfoPlist.strings */,
				94EC6C76159666080018AD05 /* main.m */,
				94EC6C78159666080018AD05 /* SportsBard-Prefix.pch */,
			);
			name = "Supporting Files";
			sourceTree = "<group>";
		};
		94EC6C9C1596911C0018AD05 /* External */ = {
			isa = PBXGroup;
			children = (
				94EC6CC9159694B20018AD05 /* socket.IO-objc */,
				94EC6C9D1596912A0018AD05 /* ASIHTTPRequest */,
				94EC6CB21596912A0018AD05 /* Reachability */,
			);
			name = External;
			sourceTree = "<group>";
		};
		94EC6C9D1596912A0018AD05 /* ASIHTTPRequest */ = {
			isa = PBXGroup;
			children = (
				94EC6C9E1596912A0018AD05 /* ASIAuthenticationDialog.h */,
				94EC6C9F1596912A0018AD05 /* ASIAuthenticationDialog.m */,
				94EC6CA01596912A0018AD05 /* ASICacheDelegate.h */,
				94EC6CA11596912A0018AD05 /* ASIDataCompressor.h */,
				94EC6CA21596912A0018AD05 /* ASIDataCompressor.m */,
				94EC6CA31596912A0018AD05 /* ASIDataDecompressor.h */,
				94EC6CA41596912A0018AD05 /* ASIDataDecompressor.m */,
				94EC6CA51596912A0018AD05 /* ASIDownloadCache.h */,
				94EC6CA61596912A0018AD05 /* ASIDownloadCache.m */,
				94EC6CA71596912A0018AD05 /* ASIFormDataRequest.h */,
				94EC6CA81596912A0018AD05 /* ASIFormDataRequest.m */,
				94EC6CA91596912A0018AD05 /* ASIHTTPRequest.h */,
				94EC6CAA1596912A0018AD05 /* ASIHTTPRequest.m */,
				94EC6CAB1596912A0018AD05 /* ASIHTTPRequestConfig.h */,
				94EC6CAC1596912A0018AD05 /* ASIHTTPRequestDelegate.h */,
				94EC6CAD1596912A0018AD05 /* ASIInputStream.h */,
				94EC6CAE1596912A0018AD05 /* ASIInputStream.m */,
				94EC6CAF1596912A0018AD05 /* ASINetworkQueue.h */,
				94EC6CB01596912A0018AD05 /* ASINetworkQueue.m */,
				94EC6CB11596912A0018AD05 /* ASIProgressDelegate.h */,
			);
			name = ASIHTTPRequest;
			path = External/ASIHTTPRequest;
			sourceTree = "<group>";
		};
		94EC6CB21596912A0018AD05 /* Reachability */ = {
			isa = PBXGroup;
			children = (
				94EC6CB31596912A0018AD05 /* Reachability.h */,
				94EC6CB41596912A0018AD05 /* Reachability.m */,
			);
			name = Reachability;
			path = External/Reachability;
			sourceTree = "<group>";
		};
		94EC6CC9159694B20018AD05 /* socket.IO-objc */ = {
			isa = PBXGroup;
			children = (
				94EC6CCA159694B20018AD05 /* .gitignore */,
				94EC6CCB159694B20018AD05 /* .gitmodules */,
				94EC6CCC159694B20018AD05 /* LICENSE */,
				94EC6CCD159694B20018AD05 /* README.md */,
				94EC6CCE159694B20018AD05 /* SocketIO.h */,
				94EC6CCF159694B20018AD05 /* SocketIO.m */,
				94EC6CDF159694B20018AD05 /* submodules */,
			);
			name = "socket.IO-objc";
			path = "External/socket.IO-objc";
			sourceTree = "<group>";
		};
		94EC6CDF159694B20018AD05 /* submodules */ = {
			isa = PBXGroup;
			children = (
				94EC6CE0159694B20018AD05 /* .gitignore */,
				94EC6CE1159694B20018AD05 /* json-framework */,
				94EC6E9C159694B20018AD05 /* socket-rocket */,
			);
			path = submodules;
			sourceTree = "<group>";
		};
		94EC6CE1159694B20018AD05 /* json-framework */ = {
			isa = PBXGroup;
			children = (
				94EC6CE2159694B20018AD05 /* .gitignore */,
				94EC6CE3159694B20018AD05 /* Classes */,
				94EC6D2C159694B20018AD05 /* SBJson */,
				94EC6D31159694B20018AD05 /* sbjson-ios */,
			);
			path = "json-framework";
			sourceTree = "<group>";
		};
		94EC6CE3159694B20018AD05 /* Classes */ = {
			isa = PBXGroup;
			children = (
				94EC6CE4159694B20018AD05 /* NSObject+SBJson.h */,
				94EC6CE5159694B20018AD05 /* NSObject+SBJson.m */,
				94EC6CE6159694B20018AD05 /* SBJson.h */,
				94EC6CE7159694B20018AD05 /* SBJsonParser.h */,
				94EC6CE8159694B20018AD05 /* SBJsonParser.m */,
				94EC6CE9159694B20018AD05 /* SBJsonStreamParser.h */,
				94EC6CEA159694B20018AD05 /* SBJsonStreamParser.m */,
				94EC6CEB159694B20018AD05 /* SBJsonStreamParserAccumulator.h */,
				94EC6CEC159694B20018AD05 /* SBJsonStreamParserAccumulator.m */,
				94EC6CED159694B20018AD05 /* SBJsonStreamParserAdapter.h */,
				94EC6CEE159694B20018AD05 /* SBJsonStreamParserAdapter.m */,
				94EC6CEF159694B20018AD05 /* SBJsonStreamParserState.h */,
				94EC6CF0159694B20018AD05 /* SBJsonStreamParserState.m */,
				94EC6CF1159694B20018AD05 /* SBJsonStreamWriter.h */,
				94EC6CF2159694B20018AD05 /* SBJsonStreamWriter.m */,
				94EC6CF3159694B20018AD05 /* SBJsonStreamWriterAccumulator.h */,
				94EC6CF4159694B20018AD05 /* SBJsonStreamWriterAccumulator.m */,
				94EC6CF5159694B20018AD05 /* SBJsonStreamWriterState.h */,
				94EC6CF6159694B20018AD05 /* SBJsonStreamWriterState.m */,
				94EC6CF7159694B20018AD05 /* SBJsonTokeniser.h */,
				94EC6CF8159694B20018AD05 /* SBJsonTokeniser.m */,
				94EC6CF9159694B20018AD05 /* SBJsonUTF8Stream.h */,
				94EC6CFA159694B20018AD05 /* SBJsonUTF8Stream.m */,
				94EC6CFB159694B20018AD05 /* SBJsonWriter.h */,
				94EC6CFC159694B20018AD05 /* SBJsonWriter.m */,
			);
			path = Classes;
			sourceTree = "<group>";
		};
		94EC6D2C159694B20018AD05 /* SBJson */ = {
			isa = PBXGroup;
			children = (
				94EC6D2D159694B20018AD05 /* InfoPlist.strings */,
				94EC6D2F159694B20018AD05 /* SBJson-Info.plist */,
				94EC6D30159694B20018AD05 /* SBJson-Prefix.pch */,
			);
			path = SBJson;
			sourceTree = "<group>";
		};
		94EC6D31159694B20018AD05 /* sbjson-ios */ = {
			isa = PBXGroup;
			children = (
				94EC6D32159694B20018AD05 /* sbjson-ios-Prefix.pch */,
			);
			path = "sbjson-ios";
			sourceTree = "<group>";
		};
		94EC6E9C159694B20018AD05 /* socket-rocket */ = {
			isa = PBXGroup;
			children = (
				94EC6E9D159694B20018AD05 /* .gitignore */,
				94EC6E9E159694B20018AD05 /* .gitmodules */,
				94EC6E9F159694B20018AD05 /* extern */,
				94EC6EA3159694B20018AD05 /* LICENSE */,
				94EC6EA4159694B20018AD05 /* Makefile */,
				94EC6EA5159694B20018AD05 /* pages */,
				94EC6EA6159694B20018AD05 /* README.rst */,
				94EC6EA7159694B20018AD05 /* SocketRocket */,
				94EC6EAF159694B20018AD05 /* SocketRocket.podspec */,
				94EC6EB0159694B20018AD05 /* SocketRocket.xcodeproj */,
				94EC6EB3159694B20018AD05 /* SocketRocketOSX */,
			);
			path = "socket-rocket";
			sourceTree = "<group>";
		};
		94EC6E9F159694B20018AD05 /* extern */ = {
			isa = PBXGroup;
			children = (
				94EC6EA0159694B20018AD05 /* virtualenv */,
			);
			path = extern;
			sourceTree = "<group>";
		};
		94EC6EA0159694B20018AD05 /* virtualenv */ = {
			isa = PBXGroup;
			children = (
				94EC6EA1159694B20018AD05 /* LICENSE.txt */,
				94EC6EA2159694B20018AD05 /* virtualenv.py */,
			);
			path = virtualenv;
			sourceTree = "<group>";
		};
		94EC6EA5159694B20018AD05 /* pages */ = {
			isa = PBXGroup;
			children = (
			);
			path = pages;
			sourceTree = "<group>";
		};
		94EC6EA7159694B20018AD05 /* SocketRocket */ = {
			isa = PBXGroup;
			children = (
				94EC6EA8159694B20018AD05 /* base64.c */,
				94EC6EA9159694B20018AD05 /* base64.h */,
				94EC6EAA159694B20018AD05 /* NSData+SRB64Additions.h */,
				94EC6EAB159694B20018AD05 /* NSData+SRB64Additions.m */,
				94EC6EAC159694B20018AD05 /* SocketRocket-Prefix.pch */,
				94EC6EAD159694B20018AD05 /* SRWebSocket.h */,
				94EC6EAE159694B20018AD05 /* SRWebSocket.m */,
			);
			path = SocketRocket;
			sourceTree = "<group>";
		};
		94EC6EB1159694B20018AD05 /* Products */ = {
			isa = PBXGroup;
			children = (
				94EC7070159694B40018AD05 /* libSocketRocket.a */,
				94EC7072159694B40018AD05 /* SocketRocket.framework */,
				94EC7074159694B40018AD05 /* SRWebSocketTests.octest */,
				94EC7076159694B40018AD05 /* TestChat.app */,
			);
			name = Products;
			sourceTree = "<group>";
		};
		94EC6EB3159694B20018AD05 /* SocketRocketOSX */ = {
			isa = PBXGroup;
			children = (
				94EC6EB4159694B20018AD05 /* SocketRocketOSX-Info.plist */,
			);
			path = SocketRocketOSX;
			sourceTree = "<group>";
		};
/* End PBXGroup section */

/* Begin PBXNativeTarget section */
		94EC6C65159666080018AD05 /* SportsBard */ = {
			isa = PBXNativeTarget;
			buildConfigurationList = 94EC6C7E159666080018AD05 /* Build configuration list for PBXNativeTarget "SportsBard" */;
			buildPhases = (
				94EC6C62159666080018AD05 /* Sources */,
				94EC6C63159666080018AD05 /* Frameworks */,
				94EC6C64159666080018AD05 /* Resources */,
			);
			buildRules = (
			);
			dependencies = (
			);
			name = SportsBard;
			productName = SportsBard;
			productReference = 94EC6C66159666080018AD05 /* SportsBard.app */;
			productType = "com.apple.product-type.application";
		};
/* End PBXNativeTarget section */

/* Begin PBXProject section */
		94EC6C5D159666080018AD05 /* Project object */ = {
			isa = PBXProject;
			attributes = {
				CLASSPREFIX = SportsBard;
				LastUpgradeCheck = 0430;
			};
			buildConfigurationList = 94EC6C60159666080018AD05 /* Build configuration list for PBXProject "SportsBard" */;
			compatibilityVersion = "Xcode 3.2";
			developmentRegion = English;
			hasScannedForEncodings = 0;
			knownRegions = (
				en,
			);
			mainGroup = 94EC6C5B159666080018AD05;
			productRefGroup = 94EC6C67159666080018AD05 /* Products */;
			projectDirPath = "";
			projectReferences = (
				{
					ProductGroup = 94EC6EB1159694B20018AD05 /* Products */;
					ProjectRef = 94EC6EB0159694B20018AD05 /* SocketRocket.xcodeproj */;
				},
			);
			projectRoot = "";
			targets = (
				94EC6C65159666080018AD05 /* SportsBard */,
			);
		};
/* End PBXProject section */

/* Begin PBXReferenceProxy section */
		94EC7070159694B40018AD05 /* libSocketRocket.a */ = {
			isa = PBXReferenceProxy;
			fileType = archive.ar;
			path = libSocketRocket.a;
			remoteRef = 94EC706F159694B40018AD05 /* PBXContainerItemProxy */;
			sourceTree = BUILT_PRODUCTS_DIR;
		};
		94EC7072159694B40018AD05 /* SocketRocket.framework */ = {
			isa = PBXReferenceProxy;
			fileType = wrapper.framework;
			path = SocketRocket.framework;
			remoteRef = 94EC7071159694B40018AD05 /* PBXContainerItemProxy */;
			sourceTree = BUILT_PRODUCTS_DIR;
		};
		94EC7074159694B40018AD05 /* SRWebSocketTests.octest */ = {
			isa = PBXReferenceProxy;
			fileType = wrapper.cfbundle;
			path = SRWebSocketTests.octest;
			remoteRef = 94EC7073159694B40018AD05 /* PBXContainerItemProxy */;
			sourceTree = BUILT_PRODUCTS_DIR;
		};
		94EC7076159694B40018AD05 /* TestChat.app */ = {
			isa = PBXReferenceProxy;
			fileType = wrapper.application;
			path = TestChat.app;
			remoteRef = 94EC7075159694B40018AD05 /* PBXContainerItemProxy */;
			sourceTree = BUILT_PRODUCTS_DIR;
		};
/* End PBXReferenceProxy section */

/* Begin PBXResourcesBuildPhase section */
		94EC6C64159666080018AD05 /* Resources */ = {
			isa = PBXResourcesBuildPhase;
			buildActionMask = 2147483647;
			files = (
				94EC6C75159666080018AD05 /* InfoPlist.strings in Resources */,
				94EC6C89159666980018AD05 /* MainViewController.xib in Resources */,
				94EC6C93159673C20018AD05 /* SportSelectionViewController.xib in Resources */,
				94EC6C98159677310018AD05 /* GamesViewController.xib in Resources */,
				94EC6EF6159694B30018AD05 /* .gitignore in Resources */,
				94EC6EF7159694B30018AD05 /* .gitmodules in Resources */,
				94EC6EF8159694B30018AD05 /* LICENSE in Resources */,
				94EC6EF9159694B30018AD05 /* README.md in Resources */,
				94EC6F01159694B30018AD05 /* .gitignore in Resources */,
				94EC6F02159694B30018AD05 /* .gitignore in Resources */,
				94EC6F27159694B30018AD05 /* InfoPlist.strings in Resources */,
				94EC6F28159694B30018AD05 /* SBJson-Info.plist in Resources */,
				94EC7037159694B40018AD05 /* .gitignore in Resources */,
				94EC7038159694B40018AD05 /* .gitmodules in Resources */,
				94EC7039159694B40018AD05 /* LICENSE.txt in Resources */,
				94EC703A159694B40018AD05 /* virtualenv.py in Resources */,
				94EC703B159694B40018AD05 /* LICENSE in Resources */,
				94EC703D159694B40018AD05 /* README.rst in Resources */,
				94EC7041159694B40018AD05 /* SocketRocket.podspec in Resources */,
				94EC7042159694B40018AD05 /* SocketRocketOSX-Info.plist in Resources */,
			);
			runOnlyForDeploymentPostprocessing = 0;
		};
/* End PBXResourcesBuildPhase section */

/* Begin PBXSourcesBuildPhase section */
		94EC6C62159666080018AD05 /* Sources */ = {
			isa = PBXSourcesBuildPhase;
			buildActionMask = 2147483647;
			files = (
				94EC6C77159666080018AD05 /* main.m in Sources */,
				94EC6C7B159666080018AD05 /* SportsBardAppDelegate.m in Sources */,
				94EC6C88159666980018AD05 /* MainViewController.m in Sources */,
				94EC6C92159673C20018AD05 /* SportSelectionViewController.m in Sources */,
				94EC6C97159677310018AD05 /* GamesViewController.m in Sources */,
				94EC6C9B15967EEC0018AD05 /* GameTableViewCell.m in Sources */,
				94EC6CB51596912A0018AD05 /* ASIAuthenticationDialog.m in Sources */,
				94EC6CB61596912A0018AD05 /* ASIDataCompressor.m in Sources */,
				94EC6CB71596912A0018AD05 /* ASIDataDecompressor.m in Sources */,
				94EC6CB81596912A0018AD05 /* ASIDownloadCache.m in Sources */,
				94EC6CB91596912A0018AD05 /* ASIFormDataRequest.m in Sources */,
				94EC6CBA1596912A0018AD05 /* ASIHTTPRequest.m in Sources */,
				94EC6CBB1596912A0018AD05 /* ASIInputStream.m in Sources */,
				94EC6CBC1596912A0018AD05 /* ASINetworkQueue.m in Sources */,
				94EC6CBD1596912A0018AD05 /* Reachability.m in Sources */,
				94EC6CC8159692190018AD05 /* DataRequester.m in Sources */,
				94EC6EFA159694B30018AD05 /* SocketIO.m in Sources */,
				94EC6F03159694B30018AD05 /* NSObject+SBJson.m in Sources */,
				94EC6F04159694B30018AD05 /* SBJsonParser.m in Sources */,
				94EC6F05159694B30018AD05 /* SBJsonStreamParser.m in Sources */,
				94EC6F06159694B30018AD05 /* SBJsonStreamParserAccumulator.m in Sources */,
				94EC6F07159694B30018AD05 /* SBJsonStreamParserAdapter.m in Sources */,
				94EC6F08159694B30018AD05 /* SBJsonStreamParserState.m in Sources */,
				94EC6F09159694B30018AD05 /* SBJsonStreamWriter.m in Sources */,
				94EC6F0A159694B30018AD05 /* SBJsonStreamWriterAccumulator.m in Sources */,
				94EC6F0B159694B30018AD05 /* SBJsonStreamWriterState.m in Sources */,
				94EC6F0C159694B30018AD05 /* SBJsonTokeniser.m in Sources */,
				94EC6F0D159694B30018AD05 /* SBJsonUTF8Stream.m in Sources */,
				94EC6F0E159694B30018AD05 /* SBJsonWriter.m in Sources */,
				94EC703C159694B40018AD05 /* Makefile in Sources */,
				94EC703E159694B40018AD05 /* base64.c in Sources */,
				94EC703F159694B40018AD05 /* NSData+SRB64Additions.m in Sources */,
				94EC7040159694B40018AD05 /* SRWebSocket.m in Sources */,
			);
			runOnlyForDeploymentPostprocessing = 0;
		};
/* End PBXSourcesBuildPhase section */

/* Begin PBXVariantGroup section */
		94EC6C73159666080018AD05 /* InfoPlist.strings */ = {
			isa = PBXVariantGroup;
			children = (
				94EC6C74159666080018AD05 /* en */,
			);
			name = InfoPlist.strings;
			sourceTree = "<group>";
		};
		94EC6D2D159694B20018AD05 /* InfoPlist.strings */ = {
			isa = PBXVariantGroup;
			children = (
				94EC6D2E159694B20018AD05 /* en */,
			);
			name = InfoPlist.strings;
			sourceTree = "<group>";
		};
/* End PBXVariantGroup section */

/* Begin XCBuildConfiguration section */
		94EC6C7C159666080018AD05 /* Debug */ = {
			isa = XCBuildConfiguration;
			buildSettings = {
				ALWAYS_SEARCH_USER_PATHS = NO;
				ARCHS = "$(ARCHS_STANDARD_32_BIT)";
				CLANG_ENABLE_OBJC_ARC = YES;
				"CODE_SIGN_IDENTITY[sdk=iphoneos*]" = "iPhone Developer";
				COPY_PHASE_STRIP = NO;
				GCC_C_LANGUAGE_STANDARD = gnu99;
				GCC_DYNAMIC_NO_PIC = NO;
				GCC_OPTIMIZATION_LEVEL = 0;
				GCC_PREPROCESSOR_DEFINITIONS = (
					"DEBUG=1",
					"$(inherited)",
				);
				GCC_SYMBOLS_PRIVATE_EXTERN = NO;
				GCC_VERSION = com.apple.compilers.llvm.clang.1_0;
				GCC_WARN_ABOUT_RETURN_TYPE = YES;
				GCC_WARN_UNINITIALIZED_AUTOS = YES;
				GCC_WARN_UNUSED_VARIABLE = YES;
				IPHONEOS_DEPLOYMENT_TARGET = 5.1;
				SDKROOT = iphoneos;
				TARGETED_DEVICE_FAMILY = "1,2";
			};
			name = Debug;
		};
		94EC6C7D159666080018AD05 /* Release */ = {
			isa = XCBuildConfiguration;
			buildSettings = {
				ALWAYS_SEARCH_USER_PATHS = NO;
				ARCHS = "$(ARCHS_STANDARD_32_BIT)";
				CLANG_ENABLE_OBJC_ARC = YES;
				"CODE_SIGN_IDENTITY[sdk=iphoneos*]" = "iPhone Developer";
				COPY_PHASE_STRIP = YES;
				GCC_C_LANGUAGE_STANDARD = gnu99;
				GCC_VERSION = com.apple.compilers.llvm.clang.1_0;
				GCC_WARN_ABOUT_RETURN_TYPE = YES;
				GCC_WARN_UNINITIALIZED_AUTOS = YES;
				GCC_WARN_UNUSED_VARIABLE = YES;
				IPHONEOS_DEPLOYMENT_TARGET = 5.1;
				OTHER_CFLAGS = "-DNS_BLOCK_ASSERTIONS=1";
				SDKROOT = iphoneos;
				TARGETED_DEVICE_FAMILY = "1,2";
				VALIDATE_PRODUCT = YES;
			};
			name = Release;
		};
		94EC6C7F159666080018AD05 /* Debug */ = {
			isa = XCBuildConfiguration;
			buildSettings = {
				GCC_PRECOMPILE_PREFIX_HEADER = YES;
				GCC_PREFIX_HEADER = "SportsBard/SportsBard-Prefix.pch";
				INFOPLIST_FILE = "SportsBard/SportsBard-Info.plist";
				PRODUCT_NAME = "$(TARGET_NAME)";
				WRAPPER_EXTENSION = app;
			};
			name = Debug;
		};
		94EC6C80159666080018AD05 /* Release */ = {
			isa = XCBuildConfiguration;
			buildSettings = {
				GCC_PRECOMPILE_PREFIX_HEADER = YES;
				GCC_PREFIX_HEADER = "SportsBard/SportsBard-Prefix.pch";
				INFOPLIST_FILE = "SportsBard/SportsBard-Info.plist";
				PRODUCT_NAME = "$(TARGET_NAME)";
				WRAPPER_EXTENSION = app;
			};
			name = Release;
		};
/* End XCBuildConfiguration section */

/* Begin XCConfigurationList section */
		94EC6C60159666080018AD05 /* Build configuration list for PBXProject "SportsBard" */ = {
			isa = XCConfigurationList;
			buildConfigurations = (
				94EC6C7C159666080018AD05 /* Debug */,
				94EC6C7D159666080018AD05 /* Release */,
			);
			defaultConfigurationIsVisible = 0;
			defaultConfigurationName = Release;
		};
		94EC6C7E159666080018AD05 /* Build configuration list for PBXNativeTarget "SportsBard" */ = {
			isa = XCConfigurationList;
			buildConfigurations = (
				94EC6C7F159666080018AD05 /* Debug */,
				94EC6C80159666080018AD05 /* Release */,
			);
			defaultConfigurationIsVisible = 0;
			defaultConfigurationName = Release;
		};
/* End XCConfigurationList section */
	};
	rootObject = 94EC6C5D159666080018AD05 /* Project object */;
}
