// !$*UTF8*$!
{
	archiveVersion = 1;
	classes = {
	};
	objectVersion = 46;
	objects = {

/* Begin PBXBuildFile section */
		475EB20E1596A30400D70102 /* SingleGameViewController.m in Sources */ = {isa = PBXBuildFile; fileRef = 475EB20C1596A30400D70102 /* SingleGameViewController.m */; };
		475EB20F1596A30400D70102 /* SingleGameViewController.xib in Resources */ = {isa = PBXBuildFile; fileRef = 475EB20D1596A30400D70102 /* SingleGameViewController.xib */; };
		475EB2331596CCC700D70102 /* button_currentGame.png in Resources */ = {isa = PBXBuildFile; fileRef = 475EB22A1596CCC700D70102 /* button_currentGame.png */; };
		475EB2341596CCC700D70102 /* icon_add.png in Resources */ = {isa = PBXBuildFile; fileRef = 475EB22B1596CCC700D70102 /* icon_add.png */; };
		475EB2351596CCC700D70102 /* icon_arrow.png in Resources */ = {isa = PBXBuildFile; fileRef = 475EB22C1596CCC700D70102 /* icon_arrow.png */; };
		475EB2361596CCC700D70102 /* logo.png in Resources */ = {isa = PBXBuildFile; fileRef = 475EB22D1596CCC700D70102 /* logo.png */; };
		475EB2381596CCC700D70102 /* signin_facebook.png in Resources */ = {isa = PBXBuildFile; fileRef = 475EB22F1596CCC700D70102 /* signin_facebook.png */; };
		475EB2391596CCC700D70102 /* signin_gmail.png in Resources */ = {isa = PBXBuildFile; fileRef = 475EB2301596CCC700D70102 /* signin_gmail.png */; };
		475EB23A1596CCC700D70102 /* signin_logo.png in Resources */ = {isa = PBXBuildFile; fileRef = 475EB2311596CCC700D70102 /* signin_logo.png */; };
		475EB23B1596CCC700D70102 /* signin_twitter.png in Resources */ = {isa = PBXBuildFile; fileRef = 475EB2321596CCC700D70102 /* signin_twitter.png */; };
		475EB23D1596D3D400D70102 /* background_fade.png in Resources */ = {isa = PBXBuildFile; fileRef = 475EB23C1596D3D400D70102 /* background_fade.png */; };
		475EB23F1596D57600D70102 /* signin_background.png in Resources */ = {isa = PBXBuildFile; fileRef = 475EB23E1596D57600D70102 /* signin_background.png */; };
		94EC6C6B159666080018AD05 /* UIKit.framework in Frameworks */ = {isa = PBXBuildFile; fileRef = 94EC6C6A159666080018AD05 /* UIKit.framework */; };
		94EC6C6D159666080018AD05 /* Foundation.framework in Frameworks */ = {isa = PBXBuildFile; fileRef = 94EC6C6C159666080018AD05 /* Foundation.framework */; };
		94EC6C6F159666080018AD05 /* CoreGraphics.framework in Frameworks */ = {isa = PBXBuildFile; fileRef = 94EC6C6E159666080018AD05 /* CoreGraphics.framework */; };
		94EC6C75159666080018AD05 /* InfoPlist.strings in Resources */ = {isa = PBXBuildFile; fileRef = 94EC6C73159666080018AD05 /* InfoPlist.strings */; };
		94EC6C77159666080018AD05 /* main.m in Sources */ = {isa = PBXBuildFile; fileRef = 94EC6C76159666080018AD05 /* main.m */; };
		94EC6C7B159666080018AD05 /* SportsBardAppDelegate.m in Sources */ = {isa = PBXBuildFile; fileRef = 94EC6C7A159666080018AD05 /* SportsBardAppDelegate.m */; };
		94EC6C88159666980018AD05 /* MainViewController.m in Sources */ = {isa = PBXBuildFile; fileRef = 94EC6C86159666980018AD05 /* MainViewController.m */; };
		94EC6C89159666980018AD05 /* MainViewController.xib in Resources */ = {isa = PBXBuildFile; fileRef = 94EC6C87159666980018AD05 /* MainViewController.xib */; };
		94EC6C92159673C20018AD05 /* SportSelectionViewController.m in Sources */ = {isa = PBXBuildFile; fileRef = 94EC6C90159673C20018AD05 /* SportSelectionViewController.m */; };
		94EC6C93159673C20018AD05 /* SportSelectionViewController.xib in Resources */ = {isa = PBXBuildFile; fileRef = 94EC6C91159673C20018AD05 /* SportSelectionViewController.xib */; };
		94EC6C97159677310018AD05 /* GamesViewController.m in Sources */ = {isa = PBXBuildFile; fileRef = 94EC6C95159677310018AD05 /* GamesViewController.m */; };
		94EC6C9B15967EEC0018AD05 /* GameTableViewCell.m in Sources */ = {isa = PBXBuildFile; fileRef = 94EC6C9A15967EEC0018AD05 /* GameTableViewCell.m */; };
		94EC6CB51596912A0018AD05 /* ASIAuthenticationDialog.m in Sources */ = {isa = PBXBuildFile; fileRef = 94EC6C9F1596912A0018AD05 /* ASIAuthenticationDialog.m */; settings = {COMPILER_FLAGS = "-fno-objc-arc"; }; };
		94EC6CB61596912A0018AD05 /* ASIDataCompressor.m in Sources */ = {isa = PBXBuildFile; fileRef = 94EC6CA21596912A0018AD05 /* ASIDataCompressor.m */; settings = {COMPILER_FLAGS = "-fno-objc-arc"; }; };
		94EC6CB71596912A0018AD05 /* ASIDataDecompressor.m in Sources */ = {isa = PBXBuildFile; fileRef = 94EC6CA41596912A0018AD05 /* ASIDataDecompressor.m */; settings = {COMPILER_FLAGS = "-fno-objc-arc"; }; };
		94EC6CB81596912A0018AD05 /* ASIDownloadCache.m in Sources */ = {isa = PBXBuildFile; fileRef = 94EC6CA61596912A0018AD05 /* ASIDownloadCache.m */; settings = {COMPILER_FLAGS = "-fno-objc-arc"; }; };
		94EC6CB91596912A0018AD05 /* ASIFormDataRequest.m in Sources */ = {isa = PBXBuildFile; fileRef = 94EC6CA81596912A0018AD05 /* ASIFormDataRequest.m */; settings = {COMPILER_FLAGS = "-fno-objc-arc"; }; };
		94EC6CBA1596912A0018AD05 /* ASIHTTPRequest.m in Sources */ = {isa = PBXBuildFile; fileRef = 94EC6CAA1596912A0018AD05 /* ASIHTTPRequest.m */; settings = {COMPILER_FLAGS = "-fno-objc-arc"; }; };
		94EC6CBB1596912A0018AD05 /* ASIInputStream.m in Sources */ = {isa = PBXBuildFile; fileRef = 94EC6CAE1596912A0018AD05 /* ASIInputStream.m */; settings = {COMPILER_FLAGS = "-fno-objc-arc"; }; };
		94EC6CBC1596912A0018AD05 /* ASINetworkQueue.m in Sources */ = {isa = PBXBuildFile; fileRef = 94EC6CB01596912A0018AD05 /* ASINetworkQueue.m */; settings = {COMPILER_FLAGS = "-fno-objc-arc"; }; };
		94EC6CBD1596912A0018AD05 /* Reachability.m in Sources */ = {isa = PBXBuildFile; fileRef = 94EC6CB41596912A0018AD05 /* Reachability.m */; settings = {COMPILER_FLAGS = "-fno-objc-arc"; }; };
		94EC6CBF159691900018AD05 /* CFNetwork.framework in Frameworks */ = {isa = PBXBuildFile; fileRef = 94EC6CBE159691900018AD05 /* CFNetwork.framework */; };
		94EC6CC1159691960018AD05 /* SystemConfiguration.framework in Frameworks */ = {isa = PBXBuildFile; fileRef = 94EC6CC0159691960018AD05 /* SystemConfiguration.framework */; };
		94EC6CC31596919C0018AD05 /* MobileCoreServices.framework in Frameworks */ = {isa = PBXBuildFile; fileRef = 94EC6CC21596919C0018AD05 /* MobileCoreServices.framework */; };
		94EC6CC5159691E30018AD05 /* libz.dylib in Frameworks */ = {isa = PBXBuildFile; fileRef = 94EC6CC4159691E30018AD05 /* libz.dylib */; };
		94EC6CC8159692190018AD05 /* DataRequester.m in Sources */ = {isa = PBXBuildFile; fileRef = 94EC6CC7159692190018AD05 /* DataRequester.m */; };
		94EC707F159695190018AD05 /* libicucore.dylib in Frameworks */ = {isa = PBXBuildFile; fileRef = 94EC707E159695190018AD05 /* libicucore.dylib */; };
		94EC7081159695250018AD05 /* Security.framework in Frameworks */ = {isa = PBXBuildFile; fileRef = 94EC7080159695240018AD05 /* Security.framework */; };
		94EC70B9159697330018AD05 /* SocketIO.m in Sources */ = {isa = PBXBuildFile; fileRef = 94EC7084159697330018AD05 /* SocketIO.m */; };
		94EC70BA159697330018AD05 /* NSObject+SBJson.m in Sources */ = {isa = PBXBuildFile; fileRef = 94EC708A159697330018AD05 /* NSObject+SBJson.m */; };
		94EC70BB159697330018AD05 /* SBJsonParser.m in Sources */ = {isa = PBXBuildFile; fileRef = 94EC708D159697330018AD05 /* SBJsonParser.m */; };
		94EC70BC159697330018AD05 /* SBJsonStreamParser.m in Sources */ = {isa = PBXBuildFile; fileRef = 94EC708F159697330018AD05 /* SBJsonStreamParser.m */; };
		94EC70BD159697330018AD05 /* SBJsonStreamParserAccumulator.m in Sources */ = {isa = PBXBuildFile; fileRef = 94EC7091159697330018AD05 /* SBJsonStreamParserAccumulator.m */; };
		94EC70BE159697330018AD05 /* SBJsonStreamParserAdapter.m in Sources */ = {isa = PBXBuildFile; fileRef = 94EC7093159697330018AD05 /* SBJsonStreamParserAdapter.m */; };
		94EC70BF159697330018AD05 /* SBJsonStreamParserState.m in Sources */ = {isa = PBXBuildFile; fileRef = 94EC7095159697330018AD05 /* SBJsonStreamParserState.m */; };
		94EC70C0159697330018AD05 /* SBJsonStreamWriter.m in Sources */ = {isa = PBXBuildFile; fileRef = 94EC7097159697330018AD05 /* SBJsonStreamWriter.m */; };
		94EC70C1159697330018AD05 /* SBJsonStreamWriterAccumulator.m in Sources */ = {isa = PBXBuildFile; fileRef = 94EC7099159697330018AD05 /* SBJsonStreamWriterAccumulator.m */; };
		94EC70C2159697330018AD05 /* SBJsonStreamWriterState.m in Sources */ = {isa = PBXBuildFile; fileRef = 94EC709B159697330018AD05 /* SBJsonStreamWriterState.m */; };
		94EC70C3159697330018AD05 /* SBJsonTokeniser.m in Sources */ = {isa = PBXBuildFile; fileRef = 94EC709D159697330018AD05 /* SBJsonTokeniser.m */; };
		94EC70C4159697330018AD05 /* SBJsonUTF8Stream.m in Sources */ = {isa = PBXBuildFile; fileRef = 94EC709F159697330018AD05 /* SBJsonUTF8Stream.m */; };
		94EC70C5159697330018AD05 /* SBJsonWriter.m in Sources */ = {isa = PBXBuildFile; fileRef = 94EC70A1159697330018AD05 /* SBJsonWriter.m */; };
		94EC70C6159697330018AD05 /* InfoPlist.strings in Resources */ = {isa = PBXBuildFile; fileRef = 94EC70A3159697330018AD05 /* InfoPlist.strings */; };
		94EC70C7159697330018AD05 /* SBJson-Info.plist in Resources */ = {isa = PBXBuildFile; fileRef = 94EC70A5159697330018AD05 /* SBJson-Info.plist */; };
		94EC70C8159697330018AD05 /* LICENSE.txt in Resources */ = {isa = PBXBuildFile; fileRef = 94EC70AC159697330018AD05 /* LICENSE.txt */; };
		94EC70C9159697330018AD05 /* virtualenv.py in Resources */ = {isa = PBXBuildFile; fileRef = 94EC70AD159697330018AD05 /* virtualenv.py */; };
		94EC70CA159697330018AD05 /* base64.c in Sources */ = {isa = PBXBuildFile; fileRef = 94EC70B0159697330018AD05 /* base64.c */; };
		94EC70CB159697330018AD05 /* NSData+SRB64Additions.m in Sources */ = {isa = PBXBuildFile; fileRef = 94EC70B3159697330018AD05 /* NSData+SRB64Additions.m */; };
		94EC70CC159697330018AD05 /* SRWebSocket.m in Sources */ = {isa = PBXBuildFile; fileRef = 94EC70B6159697330018AD05 /* SRWebSocket.m */; };
		94EC70CD159697330018AD05 /* SocketRocketOSX-Info.plist in Resources */ = {isa = PBXBuildFile; fileRef = 94EC70B8159697330018AD05 /* SocketRocketOSX-Info.plist */; };
		94EC70D0159699870018AD05 /* NSDate+DateAdditions.m in Sources */ = {isa = PBXBuildFile; fileRef = 94EC70CF159699870018AD05 /* NSDate+DateAdditions.m */; };
		94EC70D91596BA1F0018AD05 /* invite_button@2x.png in Resources */ = {isa = PBXBuildFile; fileRef = 94EC70D81596BA1F0018AD05 /* invite_button@2x.png */; };
		94EC70DD1596BA8D0018AD05 /* AddGameViewController.m in Sources */ = {isa = PBXBuildFile; fileRef = 94EC70DB1596BA8C0018AD05 /* AddGameViewController.m */; };
		94EC70DE1596BA8D0018AD05 /* AddGameViewController.xib in Resources */ = {isa = PBXBuildFile; fileRef = 94EC70DC1596BA8D0018AD05 /* AddGameViewController.xib */; };
		94EC70FE1596BD540018AD05 /* ARI.png in Resources */ = {isa = PBXBuildFile; fileRef = 94EC70E01596BD540018AD05 /* ARI.png */; };
		94EC70FF1596BD540018AD05 /* ATL.png in Resources */ = {isa = PBXBuildFile; fileRef = 94EC70E11596BD540018AD05 /* ATL.png */; };
		94EC71001596BD540018AD05 /* BAL.png in Resources */ = {isa = PBXBuildFile; fileRef = 94EC70E21596BD540018AD05 /* BAL.png */; };
		94EC71011596BD540018AD05 /* BOS.png in Resources */ = {isa = PBXBuildFile; fileRef = 94EC70E31596BD540018AD05 /* BOS.png */; };
		94EC71021596BD540018AD05 /* CHC.png in Resources */ = {isa = PBXBuildFile; fileRef = 94EC70E41596BD540018AD05 /* CHC.png */; };
		94EC71031596BD540018AD05 /* CHW.png in Resources */ = {isa = PBXBuildFile; fileRef = 94EC70E51596BD540018AD05 /* CHW.png */; };
		94EC71041596BD540018AD05 /* CIN.png in Resources */ = {isa = PBXBuildFile; fileRef = 94EC70E61596BD540018AD05 /* CIN.png */; };
		94EC71051596BD540018AD05 /* CLE.png in Resources */ = {isa = PBXBuildFile; fileRef = 94EC70E71596BD540018AD05 /* CLE.png */; };
		94EC71061596BD540018AD05 /* COL.png in Resources */ = {isa = PBXBuildFile; fileRef = 94EC70E81596BD540018AD05 /* COL.png */; };
		94EC71071596BD540018AD05 /* DET.png in Resources */ = {isa = PBXBuildFile; fileRef = 94EC70E91596BD540018AD05 /* DET.png */; };
		94EC71091596BD540018AD05 /* HOU.png in Resources */ = {isa = PBXBuildFile; fileRef = 94EC70EB1596BD540018AD05 /* HOU.png */; };
		94EC710A1596BD540018AD05 /* KAN.png in Resources */ = {isa = PBXBuildFile; fileRef = 94EC70EC1596BD540018AD05 /* KAN.png */; };
		94EC710B1596BD540018AD05 /* LAA.png in Resources */ = {isa = PBXBuildFile; fileRef = 94EC70ED1596BD540018AD05 /* LAA.png */; };
		94EC710C1596BD540018AD05 /* LAD.png in Resources */ = {isa = PBXBuildFile; fileRef = 94EC70EE1596BD540018AD05 /* LAD.png */; };
		94EC710D1596BD540018AD05 /* MIL.png in Resources */ = {isa = PBXBuildFile; fileRef = 94EC70EF1596BD540018AD05 /* MIL.png */; };
		94EC710E1596BD540018AD05 /* MIN.png in Resources */ = {isa = PBXBuildFile; fileRef = 94EC70F01596BD540018AD05 /* MIN.png */; };
		94EC710F1596BD540018AD05 /* NYM.png in Resources */ = {isa = PBXBuildFile; fileRef = 94EC70F11596BD540018AD05 /* NYM.png */; };
		94EC71101596BD540018AD05 /* NYY.png in Resources */ = {isa = PBXBuildFile; fileRef = 94EC70F21596BD540018AD05 /* NYY.png */; };
		94EC71111596BD540018AD05 /* OAK.png in Resources */ = {isa = PBXBuildFile; fileRef = 94EC70F31596BD540018AD05 /* OAK.png */; };
		94EC71121596BD540018AD05 /* PHI.png in Resources */ = {isa = PBXBuildFile; fileRef = 94EC70F41596BD540018AD05 /* PHI.png */; };
		94EC71131596BD540018AD05 /* PIT.png in Resources */ = {isa = PBXBuildFile; fileRef = 94EC70F51596BD540018AD05 /* PIT.png */; };
		94EC71141596BD540018AD05 /* SDG.png in Resources */ = {isa = PBXBuildFile; fileRef = 94EC70F61596BD540018AD05 /* SDG.png */; };
		94EC71151596BD540018AD05 /* SEA.png in Resources */ = {isa = PBXBuildFile; fileRef = 94EC70F71596BD540018AD05 /* SEA.png */; };
		94EC71161596BD540018AD05 /* SFO.png in Resources */ = {isa = PBXBuildFile; fileRef = 94EC70F81596BD540018AD05 /* SFO.png */; };
		94EC71171596BD540018AD05 /* STL.png in Resources */ = {isa = PBXBuildFile; fileRef = 94EC70F91596BD540018AD05 /* STL.png */; };
		94EC71181596BD540018AD05 /* TAM.png in Resources */ = {isa = PBXBuildFile; fileRef = 94EC70FA1596BD540018AD05 /* TAM.png */; };
		94EC71191596BD540018AD05 /* TEX.png in Resources */ = {isa = PBXBuildFile; fileRef = 94EC70FB1596BD540018AD05 /* TEX.png */; };
		94EC711A1596BD540018AD05 /* TOR.png in Resources */ = {isa = PBXBuildFile; fileRef = 94EC70FC1596BD540018AD05 /* TOR.png */; };
		94EC711B1596BD540018AD05 /* WAS.png in Resources */ = {isa = PBXBuildFile; fileRef = 94EC70FD1596BD540018AD05 /* WAS.png */; };
		94EC711D1596BEF50018AD05 /* MIA.png in Resources */ = {isa = PBXBuildFile; fileRef = 94EC711C1596BEF40018AD05 /* MIA.png */; };
		94EC71201596D1860018AD05 /* SingleGameTableViewCell.m in Sources */ = {isa = PBXBuildFile; fileRef = 94EC711F1596D1840018AD05 /* SingleGameTableViewCell.m */; };
		94EC715F1596FB580018AD05 /* indicator.png in Resources */ = {isa = PBXBuildFile; fileRef = 94EC715E1596FB580018AD05 /* indicator.png */; };
/* End PBXBuildFile section */

/* Begin PBXFileReference section */
		475EB20B1596A30400D70102 /* SingleGameViewController.h */ = {isa = PBXFileReference; fileEncoding = 4; lastKnownFileType = sourcecode.c.h; path = SingleGameViewController.h; sourceTree = "<group>"; };
		475EB20C1596A30400D70102 /* SingleGameViewController.m */ = {isa = PBXFileReference; fileEncoding = 4; lastKnownFileType = sourcecode.c.objc; path = SingleGameViewController.m; sourceTree = "<group>"; };
		475EB20D1596A30400D70102 /* SingleGameViewController.xib */ = {isa = PBXFileReference; fileEncoding = 4; lastKnownFileType = file.xib; path = SingleGameViewController.xib; sourceTree = "<group>"; };
		475EB22A1596CCC700D70102 /* button_currentGame.png */ = {isa = PBXFileReference; lastKnownFileType = image.png; path = button_currentGame.png; sourceTree = "<group>"; };
		475EB22B1596CCC700D70102 /* icon_add.png */ = {isa = PBXFileReference; lastKnownFileType = image.png; path = icon_add.png; sourceTree = "<group>"; };
		475EB22C1596CCC700D70102 /* icon_arrow.png */ = {isa = PBXFileReference; lastKnownFileType = image.png; path = icon_arrow.png; sourceTree = "<group>"; };
		475EB22D1596CCC700D70102 /* logo.png */ = {isa = PBXFileReference; lastKnownFileType = image.png; path = logo.png; sourceTree = "<group>"; };
		475EB22F1596CCC700D70102 /* signin_facebook.png */ = {isa = PBXFileReference; lastKnownFileType = image.png; path = signin_facebook.png; sourceTree = "<group>"; };
		475EB2301596CCC700D70102 /* signin_gmail.png */ = {isa = PBXFileReference; lastKnownFileType = image.png; path = signin_gmail.png; sourceTree = "<group>"; };
		475EB2311596CCC700D70102 /* signin_logo.png */ = {isa = PBXFileReference; lastKnownFileType = image.png; path = signin_logo.png; sourceTree = "<group>"; };
		475EB2321596CCC700D70102 /* signin_twitter.png */ = {isa = PBXFileReference; lastKnownFileType = image.png; path = signin_twitter.png; sourceTree = "<group>"; };
		475EB23C1596D3D400D70102 /* background_fade.png */ = {isa = PBXFileReference; lastKnownFileType = image.png; path = background_fade.png; sourceTree = "<group>"; };
		475EB23E1596D57600D70102 /* signin_background.png */ = {isa = PBXFileReference; lastKnownFileType = image.png; path = signin_background.png; sourceTree = "<group>"; };
		94EC6C66159666080018AD05 /* SportsBard.app */ = {isa = PBXFileReference; explicitFileType = wrapper.application; includeInIndex = 0; path = SportsBard.app; sourceTree = BUILT_PRODUCTS_DIR; };
		94EC6C6A159666080018AD05 /* UIKit.framework */ = {isa = PBXFileReference; lastKnownFileType = wrapper.framework; name = UIKit.framework; path = System/Library/Frameworks/UIKit.framework; sourceTree = SDKROOT; };
		94EC6C6C159666080018AD05 /* Foundation.framework */ = {isa = PBXFileReference; lastKnownFileType = wrapper.framework; name = Foundation.framework; path = System/Library/Frameworks/Foundation.framework; sourceTree = SDKROOT; };
		94EC6C6E159666080018AD05 /* CoreGraphics.framework */ = {isa = PBXFileReference; lastKnownFileType = wrapper.framework; name = CoreGraphics.framework; path = System/Library/Frameworks/CoreGraphics.framework; sourceTree = SDKROOT; };
		94EC6C72159666080018AD05 /* SportsBard-Info.plist */ = {isa = PBXFileReference; lastKnownFileType = text.plist.xml; path = "SportsBard-Info.plist"; sourceTree = "<group>"; };
		94EC6C74159666080018AD05 /* en */ = {isa = PBXFileReference; lastKnownFileType = text.plist.strings; name = en; path = en.lproj/InfoPlist.strings; sourceTree = "<group>"; };
		94EC6C76159666080018AD05 /* main.m */ = {isa = PBXFileReference; lastKnownFileType = sourcecode.c.objc; path = main.m; sourceTree = "<group>"; };
		94EC6C78159666080018AD05 /* SportsBard-Prefix.pch */ = {isa = PBXFileReference; lastKnownFileType = sourcecode.c.h; path = "SportsBard-Prefix.pch"; sourceTree = "<group>"; };
		94EC6C79159666080018AD05 /* SportsBardAppDelegate.h */ = {isa = PBXFileReference; lastKnownFileType = sourcecode.c.h; path = SportsBardAppDelegate.h; sourceTree = "<group>"; };
		94EC6C7A159666080018AD05 /* SportsBardAppDelegate.m */ = {isa = PBXFileReference; lastKnownFileType = sourcecode.c.objc; path = SportsBardAppDelegate.m; sourceTree = "<group>"; };
		94EC6C85159666980018AD05 /* MainViewController.h */ = {isa = PBXFileReference; fileEncoding = 4; lastKnownFileType = sourcecode.c.h; path = MainViewController.h; sourceTree = "<group>"; };
		94EC6C86159666980018AD05 /* MainViewController.m */ = {isa = PBXFileReference; fileEncoding = 4; lastKnownFileType = sourcecode.c.objc; path = MainViewController.m; sourceTree = "<group>"; };
		94EC6C87159666980018AD05 /* MainViewController.xib */ = {isa = PBXFileReference; fileEncoding = 4; lastKnownFileType = file.xib; path = MainViewController.xib; sourceTree = "<group>"; };
		94EC6C8F159673C20018AD05 /* SportSelectionViewController.h */ = {isa = PBXFileReference; fileEncoding = 4; lastKnownFileType = sourcecode.c.h; path = SportSelectionViewController.h; sourceTree = "<group>"; };
		94EC6C90159673C20018AD05 /* SportSelectionViewController.m */ = {isa = PBXFileReference; fileEncoding = 4; lastKnownFileType = sourcecode.c.objc; path = SportSelectionViewController.m; sourceTree = "<group>"; };
		94EC6C91159673C20018AD05 /* SportSelectionViewController.xib */ = {isa = PBXFileReference; fileEncoding = 4; lastKnownFileType = file.xib; path = SportSelectionViewController.xib; sourceTree = "<group>"; };
		94EC6C94159677310018AD05 /* GamesViewController.h */ = {isa = PBXFileReference; fileEncoding = 4; lastKnownFileType = sourcecode.c.h; path = GamesViewController.h; sourceTree = "<group>"; };
		94EC6C95159677310018AD05 /* GamesViewController.m */ = {isa = PBXFileReference; fileEncoding = 4; lastKnownFileType = sourcecode.c.objc; path = GamesViewController.m; sourceTree = "<group>"; };
		94EC6C9915967EEC0018AD05 /* GameTableViewCell.h */ = {isa = PBXFileReference; fileEncoding = 4; lastKnownFileType = sourcecode.c.h; path = GameTableViewCell.h; sourceTree = "<group>"; };
		94EC6C9A15967EEC0018AD05 /* GameTableViewCell.m */ = {isa = PBXFileReference; fileEncoding = 4; lastKnownFileType = sourcecode.c.objc; path = GameTableViewCell.m; sourceTree = "<group>"; };
		94EC6C9E1596912A0018AD05 /* ASIAuthenticationDialog.h */ = {isa = PBXFileReference; fileEncoding = 4; lastKnownFileType = sourcecode.c.h; path = ASIAuthenticationDialog.h; sourceTree = "<group>"; };
		94EC6C9F1596912A0018AD05 /* ASIAuthenticationDialog.m */ = {isa = PBXFileReference; fileEncoding = 4; lastKnownFileType = sourcecode.c.objc; path = ASIAuthenticationDialog.m; sourceTree = "<group>"; };
		94EC6CA01596912A0018AD05 /* ASICacheDelegate.h */ = {isa = PBXFileReference; fileEncoding = 4; lastKnownFileType = sourcecode.c.h; path = ASICacheDelegate.h; sourceTree = "<group>"; };
		94EC6CA11596912A0018AD05 /* ASIDataCompressor.h */ = {isa = PBXFileReference; fileEncoding = 4; lastKnownFileType = sourcecode.c.h; path = ASIDataCompressor.h; sourceTree = "<group>"; };
		94EC6CA21596912A0018AD05 /* ASIDataCompressor.m */ = {isa = PBXFileReference; fileEncoding = 4; lastKnownFileType = sourcecode.c.objc; path = ASIDataCompressor.m; sourceTree = "<group>"; };
		94EC6CA31596912A0018AD05 /* ASIDataDecompressor.h */ = {isa = PBXFileReference; fileEncoding = 4; lastKnownFileType = sourcecode.c.h; path = ASIDataDecompressor.h; sourceTree = "<group>"; };
		94EC6CA41596912A0018AD05 /* ASIDataDecompressor.m */ = {isa = PBXFileReference; fileEncoding = 4; lastKnownFileType = sourcecode.c.objc; path = ASIDataDecompressor.m; sourceTree = "<group>"; };
		94EC6CA51596912A0018AD05 /* ASIDownloadCache.h */ = {isa = PBXFileReference; fileEncoding = 4; lastKnownFileType = sourcecode.c.h; path = ASIDownloadCache.h; sourceTree = "<group>"; };
		94EC6CA61596912A0018AD05 /* ASIDownloadCache.m */ = {isa = PBXFileReference; fileEncoding = 4; lastKnownFileType = sourcecode.c.objc; path = ASIDownloadCache.m; sourceTree = "<group>"; };
		94EC6CA71596912A0018AD05 /* ASIFormDataRequest.h */ = {isa = PBXFileReference; fileEncoding = 4; lastKnownFileType = sourcecode.c.h; path = ASIFormDataRequest.h; sourceTree = "<group>"; };
		94EC6CA81596912A0018AD05 /* ASIFormDataRequest.m */ = {isa = PBXFileReference; fileEncoding = 4; lastKnownFileType = sourcecode.c.objc; path = ASIFormDataRequest.m; sourceTree = "<group>"; };
		94EC6CA91596912A0018AD05 /* ASIHTTPRequest.h */ = {isa = PBXFileReference; fileEncoding = 4; lastKnownFileType = sourcecode.c.h; path = ASIHTTPRequest.h; sourceTree = "<group>"; };
		94EC6CAA1596912A0018AD05 /* ASIHTTPRequest.m */ = {isa = PBXFileReference; fileEncoding = 4; lastKnownFileType = sourcecode.c.objc; path = ASIHTTPRequest.m; sourceTree = "<group>"; };
		94EC6CAB1596912A0018AD05 /* ASIHTTPRequestConfig.h */ = {isa = PBXFileReference; fileEncoding = 4; lastKnownFileType = sourcecode.c.h; path = ASIHTTPRequestConfig.h; sourceTree = "<group>"; };
		94EC6CAC1596912A0018AD05 /* ASIHTTPRequestDelegate.h */ = {isa = PBXFileReference; fileEncoding = 4; lastKnownFileType = sourcecode.c.h; path = ASIHTTPRequestDelegate.h; sourceTree = "<group>"; };
		94EC6CAD1596912A0018AD05 /* ASIInputStream.h */ = {isa = PBXFileReference; fileEncoding = 4; lastKnownFileType = sourcecode.c.h; path = ASIInputStream.h; sourceTree = "<group>"; };
		94EC6CAE1596912A0018AD05 /* ASIInputStream.m */ = {isa = PBXFileReference; fileEncoding = 4; lastKnownFileType = sourcecode.c.objc; path = ASIInputStream.m; sourceTree = "<group>"; };
		94EC6CAF1596912A0018AD05 /* ASINetworkQueue.h */ = {isa = PBXFileReference; fileEncoding = 4; lastKnownFileType = sourcecode.c.h; path = ASINetworkQueue.h; sourceTree = "<group>"; };
		94EC6CB01596912A0018AD05 /* ASINetworkQueue.m */ = {isa = PBXFileReference; fileEncoding = 4; lastKnownFileType = sourcecode.c.objc; path = ASINetworkQueue.m; sourceTree = "<group>"; };
		94EC6CB11596912A0018AD05 /* ASIProgressDelegate.h */ = {isa = PBXFileReference; fileEncoding = 4; lastKnownFileType = sourcecode.c.h; path = ASIProgressDelegate.h; sourceTree = "<group>"; };
		94EC6CB31596912A0018AD05 /* Reachability.h */ = {isa = PBXFileReference; fileEncoding = 4; lastKnownFileType = sourcecode.c.h; path = Reachability.h; sourceTree = "<group>"; };
		94EC6CB41596912A0018AD05 /* Reachability.m */ = {isa = PBXFileReference; fileEncoding = 4; lastKnownFileType = sourcecode.c.objc; path = Reachability.m; sourceTree = "<group>"; };
		94EC6CBE159691900018AD05 /* CFNetwork.framework */ = {isa = PBXFileReference; lastKnownFileType = wrapper.framework; name = CFNetwork.framework; path = System/Library/Frameworks/CFNetwork.framework; sourceTree = SDKROOT; };
		94EC6CC0159691960018AD05 /* SystemConfiguration.framework */ = {isa = PBXFileReference; lastKnownFileType = wrapper.framework; name = SystemConfiguration.framework; path = System/Library/Frameworks/SystemConfiguration.framework; sourceTree = SDKROOT; };
		94EC6CC21596919C0018AD05 /* MobileCoreServices.framework */ = {isa = PBXFileReference; lastKnownFileType = wrapper.framework; name = MobileCoreServices.framework; path = System/Library/Frameworks/MobileCoreServices.framework; sourceTree = SDKROOT; };
		94EC6CC4159691E30018AD05 /* libz.dylib */ = {isa = PBXFileReference; lastKnownFileType = "compiled.mach-o.dylib"; name = libz.dylib; path = usr/lib/libz.dylib; sourceTree = SDKROOT; };
		94EC6CC6159692190018AD05 /* DataRequester.h */ = {isa = PBXFileReference; fileEncoding = 4; lastKnownFileType = sourcecode.c.h; path = DataRequester.h; sourceTree = "<group>"; };
		94EC6CC7159692190018AD05 /* DataRequester.m */ = {isa = PBXFileReference; fileEncoding = 4; lastKnownFileType = sourcecode.c.objc; path = DataRequester.m; sourceTree = "<group>"; };
		94EC707E159695190018AD05 /* libicucore.dylib */ = {isa = PBXFileReference; lastKnownFileType = "compiled.mach-o.dylib"; name = libicucore.dylib; path = usr/lib/libicucore.dylib; sourceTree = SDKROOT; };
		94EC7080159695240018AD05 /* Security.framework */ = {isa = PBXFileReference; lastKnownFileType = wrapper.framework; name = Security.framework; path = System/Library/Frameworks/Security.framework; sourceTree = SDKROOT; };
		94EC7083159697330018AD05 /* SocketIO.h */ = {isa = PBXFileReference; fileEncoding = 4; lastKnownFileType = sourcecode.c.h; path = SocketIO.h; sourceTree = "<group>"; };
		94EC7084159697330018AD05 /* SocketIO.m */ = {isa = PBXFileReference; fileEncoding = 4; lastKnownFileType = sourcecode.c.objc; path = SocketIO.m; sourceTree = "<group>"; };
		94EC7089159697330018AD05 /* NSObject+SBJson.h */ = {isa = PBXFileReference; fileEncoding = 4; lastKnownFileType = sourcecode.c.h; path = "NSObject+SBJson.h"; sourceTree = "<group>"; };
		94EC708A159697330018AD05 /* NSObject+SBJson.m */ = {isa = PBXFileReference; fileEncoding = 4; lastKnownFileType = sourcecode.c.objc; path = "NSObject+SBJson.m"; sourceTree = "<group>"; };
		94EC708B159697330018AD05 /* SBJson.h */ = {isa = PBXFileReference; fileEncoding = 4; lastKnownFileType = sourcecode.c.h; path = SBJson.h; sourceTree = "<group>"; };
		94EC708C159697330018AD05 /* SBJsonParser.h */ = {isa = PBXFileReference; fileEncoding = 4; lastKnownFileType = sourcecode.c.h; path = SBJsonParser.h; sourceTree = "<group>"; };
		94EC708D159697330018AD05 /* SBJsonParser.m */ = {isa = PBXFileReference; fileEncoding = 4; lastKnownFileType = sourcecode.c.objc; path = SBJsonParser.m; sourceTree = "<group>"; };
		94EC708E159697330018AD05 /* SBJsonStreamParser.h */ = {isa = PBXFileReference; fileEncoding = 4; lastKnownFileType = sourcecode.c.h; path = SBJsonStreamParser.h; sourceTree = "<group>"; };
		94EC708F159697330018AD05 /* SBJsonStreamParser.m */ = {isa = PBXFileReference; fileEncoding = 4; lastKnownFileType = sourcecode.c.objc; path = SBJsonStreamParser.m; sourceTree = "<group>"; };
		94EC7090159697330018AD05 /* SBJsonStreamParserAccumulator.h */ = {isa = PBXFileReference; fileEncoding = 4; lastKnownFileType = sourcecode.c.h; path = SBJsonStreamParserAccumulator.h; sourceTree = "<group>"; };
		94EC7091159697330018AD05 /* SBJsonStreamParserAccumulator.m */ = {isa = PBXFileReference; fileEncoding = 4; lastKnownFileType = sourcecode.c.objc; path = SBJsonStreamParserAccumulator.m; sourceTree = "<group>"; };
		94EC7092159697330018AD05 /* SBJsonStreamParserAdapter.h */ = {isa = PBXFileReference; fileEncoding = 4; lastKnownFileType = sourcecode.c.h; path = SBJsonStreamParserAdapter.h; sourceTree = "<group>"; };
		94EC7093159697330018AD05 /* SBJsonStreamParserAdapter.m */ = {isa = PBXFileReference; fileEncoding = 4; lastKnownFileType = sourcecode.c.objc; path = SBJsonStreamParserAdapter.m; sourceTree = "<group>"; };
		94EC7094159697330018AD05 /* SBJsonStreamParserState.h */ = {isa = PBXFileReference; fileEncoding = 4; lastKnownFileType = sourcecode.c.h; path = SBJsonStreamParserState.h; sourceTree = "<group>"; };
		94EC7095159697330018AD05 /* SBJsonStreamParserState.m */ = {isa = PBXFileReference; fileEncoding = 4; lastKnownFileType = sourcecode.c.objc; path = SBJsonStreamParserState.m; sourceTree = "<group>"; };
		94EC7096159697330018AD05 /* SBJsonStreamWriter.h */ = {isa = PBXFileReference; fileEncoding = 4; lastKnownFileType = sourcecode.c.h; path = SBJsonStreamWriter.h; sourceTree = "<group>"; };
		94EC7097159697330018AD05 /* SBJsonStreamWriter.m */ = {isa = PBXFileReference; fileEncoding = 4; lastKnownFileType = sourcecode.c.objc; path = SBJsonStreamWriter.m; sourceTree = "<group>"; };
		94EC7098159697330018AD05 /* SBJsonStreamWriterAccumulator.h */ = {isa = PBXFileReference; fileEncoding = 4; lastKnownFileType = sourcecode.c.h; path = SBJsonStreamWriterAccumulator.h; sourceTree = "<group>"; };
		94EC7099159697330018AD05 /* SBJsonStreamWriterAccumulator.m */ = {isa = PBXFileReference; fileEncoding = 4; lastKnownFileType = sourcecode.c.objc; path = SBJsonStreamWriterAccumulator.m; sourceTree = "<group>"; };
		94EC709A159697330018AD05 /* SBJsonStreamWriterState.h */ = {isa = PBXFileReference; fileEncoding = 4; lastKnownFileType = sourcecode.c.h; path = SBJsonStreamWriterState.h; sourceTree = "<group>"; };
		94EC709B159697330018AD05 /* SBJsonStreamWriterState.m */ = {isa = PBXFileReference; fileEncoding = 4; lastKnownFileType = sourcecode.c.objc; path = SBJsonStreamWriterState.m; sourceTree = "<group>"; };
		94EC709C159697330018AD05 /* SBJsonTokeniser.h */ = {isa = PBXFileReference; fileEncoding = 4; lastKnownFileType = sourcecode.c.h; path = SBJsonTokeniser.h; sourceTree = "<group>"; };
		94EC709D159697330018AD05 /* SBJsonTokeniser.m */ = {isa = PBXFileReference; fileEncoding = 4; lastKnownFileType = sourcecode.c.objc; path = SBJsonTokeniser.m; sourceTree = "<group>"; };
		94EC709E159697330018AD05 /* SBJsonUTF8Stream.h */ = {isa = PBXFileReference; fileEncoding = 4; lastKnownFileType = sourcecode.c.h; path = SBJsonUTF8Stream.h; sourceTree = "<group>"; };
		94EC709F159697330018AD05 /* SBJsonUTF8Stream.m */ = {isa = PBXFileReference; fileEncoding = 4; lastKnownFileType = sourcecode.c.objc; path = SBJsonUTF8Stream.m; sourceTree = "<group>"; };
		94EC70A0159697330018AD05 /* SBJsonWriter.h */ = {isa = PBXFileReference; fileEncoding = 4; lastKnownFileType = sourcecode.c.h; path = SBJsonWriter.h; sourceTree = "<group>"; };
		94EC70A1159697330018AD05 /* SBJsonWriter.m */ = {isa = PBXFileReference; fileEncoding = 4; lastKnownFileType = sourcecode.c.objc; path = SBJsonWriter.m; sourceTree = "<group>"; };
		94EC70A4159697330018AD05 /* en */ = {isa = PBXFileReference; lastKnownFileType = text.plist.strings; name = en; path = en.lproj/InfoPlist.strings; sourceTree = "<group>"; };
		94EC70A5159697330018AD05 /* SBJson-Info.plist */ = {isa = PBXFileReference; fileEncoding = 4; lastKnownFileType = text.plist.xml; path = "SBJson-Info.plist"; sourceTree = "<group>"; };
		94EC70A6159697330018AD05 /* SBJson-Prefix.pch */ = {isa = PBXFileReference; fileEncoding = 4; lastKnownFileType = sourcecode.c.h; path = "SBJson-Prefix.pch"; sourceTree = "<group>"; };
		94EC70A8159697330018AD05 /* sbjson-ios-Prefix.pch */ = {isa = PBXFileReference; fileEncoding = 4; lastKnownFileType = sourcecode.c.h; path = "sbjson-ios-Prefix.pch"; sourceTree = "<group>"; };
		94EC70AC159697330018AD05 /* LICENSE.txt */ = {isa = PBXFileReference; fileEncoding = 4; lastKnownFileType = text; path = LICENSE.txt; sourceTree = "<group>"; };
		94EC70AD159697330018AD05 /* virtualenv.py */ = {isa = PBXFileReference; fileEncoding = 4; lastKnownFileType = text.script.python; path = virtualenv.py; sourceTree = "<group>"; };
		94EC70B0159697330018AD05 /* base64.c */ = {isa = PBXFileReference; fileEncoding = 4; lastKnownFileType = sourcecode.c.c; path = base64.c; sourceTree = "<group>"; };
		94EC70B1159697330018AD05 /* base64.h */ = {isa = PBXFileReference; fileEncoding = 4; lastKnownFileType = sourcecode.c.h; path = base64.h; sourceTree = "<group>"; };
		94EC70B2159697330018AD05 /* NSData+SRB64Additions.h */ = {isa = PBXFileReference; fileEncoding = 4; lastKnownFileType = sourcecode.c.h; path = "NSData+SRB64Additions.h"; sourceTree = "<group>"; };
		94EC70B3159697330018AD05 /* NSData+SRB64Additions.m */ = {isa = PBXFileReference; fileEncoding = 4; lastKnownFileType = sourcecode.c.objc; path = "NSData+SRB64Additions.m"; sourceTree = "<group>"; };
		94EC70B4159697330018AD05 /* SocketRocket-Prefix.pch */ = {isa = PBXFileReference; fileEncoding = 4; lastKnownFileType = sourcecode.c.h; path = "SocketRocket-Prefix.pch"; sourceTree = "<group>"; };
		94EC70B5159697330018AD05 /* SRWebSocket.h */ = {isa = PBXFileReference; fileEncoding = 4; lastKnownFileType = sourcecode.c.h; path = SRWebSocket.h; sourceTree = "<group>"; };
		94EC70B6159697330018AD05 /* SRWebSocket.m */ = {isa = PBXFileReference; fileEncoding = 4; lastKnownFileType = sourcecode.c.objc; path = SRWebSocket.m; sourceTree = "<group>"; };
		94EC70B8159697330018AD05 /* SocketRocketOSX-Info.plist */ = {isa = PBXFileReference; fileEncoding = 4; lastKnownFileType = text.plist.xml; path = "SocketRocketOSX-Info.plist"; sourceTree = "<group>"; };
		94EC70CE159699870018AD05 /* NSDate+DateAdditions.h */ = {isa = PBXFileReference; fileEncoding = 4; lastKnownFileType = sourcecode.c.h; path = "NSDate+DateAdditions.h"; sourceTree = "<group>"; };
		94EC70CF159699870018AD05 /* NSDate+DateAdditions.m */ = {isa = PBXFileReference; fileEncoding = 4; lastKnownFileType = sourcecode.c.objc; path = "NSDate+DateAdditions.m"; sourceTree = "<group>"; };
		94EC70D81596BA1F0018AD05 /* invite_button@2x.png */ = {isa = PBXFileReference; lastKnownFileType = image.png; name = "invite_button@2x.png"; path = "Resources/invite_button@2x.png"; sourceTree = "<group>"; };
		94EC70DA1596BA8C0018AD05 /* AddGameViewController.h */ = {isa = PBXFileReference; fileEncoding = 4; lastKnownFileType = sourcecode.c.h; path = AddGameViewController.h; sourceTree = "<group>"; };
		94EC70DB1596BA8C0018AD05 /* AddGameViewController.m */ = {isa = PBXFileReference; fileEncoding = 4; lastKnownFileType = sourcecode.c.objc; path = AddGameViewController.m; sourceTree = "<group>"; };
		94EC70DC1596BA8D0018AD05 /* AddGameViewController.xib */ = {isa = PBXFileReference; fileEncoding = 4; lastKnownFileType = file.xib; path = AddGameViewController.xib; sourceTree = "<group>"; };
		94EC70E01596BD540018AD05 /* ARI.png */ = {isa = PBXFileReference; lastKnownFileType = image.png; path = ARI.png; sourceTree = "<group>"; };
		94EC70E11596BD540018AD05 /* ATL.png */ = {isa = PBXFileReference; lastKnownFileType = image.png; path = ATL.png; sourceTree = "<group>"; };
		94EC70E21596BD540018AD05 /* BAL.png */ = {isa = PBXFileReference; lastKnownFileType = image.png; path = BAL.png; sourceTree = "<group>"; };
		94EC70E31596BD540018AD05 /* BOS.png */ = {isa = PBXFileReference; lastKnownFileType = image.png; path = BOS.png; sourceTree = "<group>"; };
		94EC70E41596BD540018AD05 /* CHC.png */ = {isa = PBXFileReference; lastKnownFileType = image.png; path = CHC.png; sourceTree = "<group>"; };
		94EC70E51596BD540018AD05 /* CHW.png */ = {isa = PBXFileReference; lastKnownFileType = image.png; path = CHW.png; sourceTree = "<group>"; };
		94EC70E61596BD540018AD05 /* CIN.png */ = {isa = PBXFileReference; lastKnownFileType = image.png; path = CIN.png; sourceTree = "<group>"; };
		94EC70E71596BD540018AD05 /* CLE.png */ = {isa = PBXFileReference; lastKnownFileType = image.png; path = CLE.png; sourceTree = "<group>"; };
		94EC70E81596BD540018AD05 /* COL.png */ = {isa = PBXFileReference; lastKnownFileType = image.png; path = COL.png; sourceTree = "<group>"; };
		94EC70E91596BD540018AD05 /* DET.png */ = {isa = PBXFileReference; lastKnownFileType = image.png; path = DET.png; sourceTree = "<group>"; };
		94EC70EB1596BD540018AD05 /* HOU.png */ = {isa = PBXFileReference; lastKnownFileType = image.png; path = HOU.png; sourceTree = "<group>"; };
		94EC70EC1596BD540018AD05 /* KAN.png */ = {isa = PBXFileReference; lastKnownFileType = image.png; path = KAN.png; sourceTree = "<group>"; };
		94EC70ED1596BD540018AD05 /* LAA.png */ = {isa = PBXFileReference; lastKnownFileType = image.png; path = LAA.png; sourceTree = "<group>"; };
		94EC70EE1596BD540018AD05 /* LAD.png */ = {isa = PBXFileReference; lastKnownFileType = image.png; path = LAD.png; sourceTree = "<group>"; };
		94EC70EF1596BD540018AD05 /* MIL.png */ = {isa = PBXFileReference; lastKnownFileType = image.png; path = MIL.png; sourceTree = "<group>"; };
		94EC70F01596BD540018AD05 /* MIN.png */ = {isa = PBXFileReference; lastKnownFileType = image.png; path = MIN.png; sourceTree = "<group>"; };
		94EC70F11596BD540018AD05 /* NYM.png */ = {isa = PBXFileReference; lastKnownFileType = image.png; path = NYM.png; sourceTree = "<group>"; };
		94EC70F21596BD540018AD05 /* NYY.png */ = {isa = PBXFileReference; lastKnownFileType = image.png; path = NYY.png; sourceTree = "<group>"; };
		94EC70F31596BD540018AD05 /* OAK.png */ = {isa = PBXFileReference; lastKnownFileType = image.png; path = OAK.png; sourceTree = "<group>"; };
		94EC70F41596BD540018AD05 /* PHI.png */ = {isa = PBXFileReference; lastKnownFileType = image.png; path = PHI.png; sourceTree = "<group>"; };
		94EC70F51596BD540018AD05 /* PIT.png */ = {isa = PBXFileReference; lastKnownFileType = image.png; path = PIT.png; sourceTree = "<group>"; };
		94EC70F61596BD540018AD05 /* SDG.png */ = {isa = PBXFileReference; lastKnownFileType = image.png; path = SDG.png; sourceTree = "<group>"; };
		94EC70F71596BD540018AD05 /* SEA.png */ = {isa = PBXFileReference; lastKnownFileType = image.png; path = SEA.png; sourceTree = "<group>"; };
		94EC70F81596BD540018AD05 /* SFO.png */ = {isa = PBXFileReference; lastKnownFileType = image.png; path = SFO.png; sourceTree = "<group>"; };
		94EC70F91596BD540018AD05 /* STL.png */ = {isa = PBXFileReference; lastKnownFileType = image.png; path = STL.png; sourceTree = "<group>"; };
		94EC70FA1596BD540018AD05 /* TAM.png */ = {isa = PBXFileReference; lastKnownFileType = image.png; path = TAM.png; sourceTree = "<group>"; };
		94EC70FB1596BD540018AD05 /* TEX.png */ = {isa = PBXFileReference; lastKnownFileType = image.png; path = TEX.png; sourceTree = "<group>"; };
		94EC70FC1596BD540018AD05 /* TOR.png */ = {isa = PBXFileReference; lastKnownFileType = image.png; path = TOR.png; sourceTree = "<group>"; };
		94EC70FD1596BD540018AD05 /* WAS.png */ = {isa = PBXFileReference; lastKnownFileType = image.png; path = WAS.png; sourceTree = "<group>"; };
		94EC711C1596BEF40018AD05 /* MIA.png */ = {isa = PBXFileReference; lastKnownFileType = image.png; path = MIA.png; sourceTree = "<group>"; };
		94EC711E1596D1820018AD05 /* SingleGameTableViewCell.h */ = {isa = PBXFileReference; fileEncoding = 4; lastKnownFileType = sourcecode.c.h; path = SingleGameTableViewCell.h; sourceTree = "<group>"; };
		94EC711F1596D1840018AD05 /* SingleGameTableViewCell.m */ = {isa = PBXFileReference; fileEncoding = 4; lastKnownFileType = sourcecode.c.objc; path = SingleGameTableViewCell.m; sourceTree = "<group>"; };
		94EC715E1596FB580018AD05 /* indicator.png */ = {isa = PBXFileReference; lastKnownFileType = image.png; name = indicator.png; path = Resources/indicator.png; sourceTree = "<group>"; };
/* End PBXFileReference section */

/* Begin PBXFrameworksBuildPhase section */
		94EC6C63159666080018AD05 /* Frameworks */ = {
			isa = PBXFrameworksBuildPhase;
			buildActionMask = 2147483647;
			files = (
				94EC7081159695250018AD05 /* Security.framework in Frameworks */,
				94EC707F159695190018AD05 /* libicucore.dylib in Frameworks */,
				94EC6CC5159691E30018AD05 /* libz.dylib in Frameworks */,
				94EC6C6F159666080018AD05 /* CoreGraphics.framework in Frameworks */,
				94EC6CC31596919C0018AD05 /* MobileCoreServices.framework in Frameworks */,
				94EC6CC1159691960018AD05 /* SystemConfiguration.framework in Frameworks */,
				94EC6CBF159691900018AD05 /* CFNetwork.framework in Frameworks */,
				94EC6C6B159666080018AD05 /* UIKit.framework in Frameworks */,
				94EC6C6D159666080018AD05 /* Foundation.framework in Frameworks */,
			);
			runOnlyForDeploymentPostprocessing = 0;
		};
/* End PBXFrameworksBuildPhase section */

/* Begin PBXGroup section */
		475EB2291596CCC700D70102 /* UI Assets */ = {
			isa = PBXGroup;
			children = (
				475EB22A1596CCC700D70102 /* button_currentGame.png */,
				475EB22B1596CCC700D70102 /* icon_add.png */,
				475EB22C1596CCC700D70102 /* icon_arrow.png */,
				475EB22D1596CCC700D70102 /* logo.png */,
				475EB23C1596D3D400D70102 /* background_fade.png */,
				475EB23E1596D57600D70102 /* signin_background.png */,
				475EB22F1596CCC700D70102 /* signin_facebook.png */,
				475EB2301596CCC700D70102 /* signin_gmail.png */,
				475EB2311596CCC700D70102 /* signin_logo.png */,
				475EB2321596CCC700D70102 /* signin_twitter.png */,
			);
			name = "UI Assets";
			path = "Resources/UI Assets";
			sourceTree = "<group>";
		};
		94EC6C5B159666080018AD05 = {
			isa = PBXGroup;
			children = (
				94EC6C70159666080018AD05 /* SportsBard */,
				94EC6C69159666080018AD05 /* Frameworks */,
				94EC6C67159666080018AD05 /* Products */,
			);
			sourceTree = "<group>";
		};
		94EC6C67159666080018AD05 /* Products */ = {
			isa = PBXGroup;
			children = (
				94EC6C66159666080018AD05 /* SportsBard.app */,
			);
			name = Products;
			sourceTree = "<group>";
		};
		94EC6C69159666080018AD05 /* Frameworks */ = {
			isa = PBXGroup;
			children = (
				94EC7080159695240018AD05 /* Security.framework */,
				94EC707E159695190018AD05 /* libicucore.dylib */,
				94EC6CC4159691E30018AD05 /* libz.dylib */,
				94EC6CC21596919C0018AD05 /* MobileCoreServices.framework */,
				94EC6CC0159691960018AD05 /* SystemConfiguration.framework */,
				94EC6CBE159691900018AD05 /* CFNetwork.framework */,
				94EC6C6A159666080018AD05 /* UIKit.framework */,
				94EC6C6C159666080018AD05 /* Foundation.framework */,
				94EC6C6E159666080018AD05 /* CoreGraphics.framework */,
			);
			name = Frameworks;
			sourceTree = "<group>";
		};
		94EC6C70159666080018AD05 /* SportsBard */ = {
			isa = PBXGroup;
			children = (
				94EC6C79159666080018AD05 /* SportsBardAppDelegate.h */,
				94EC6C7A159666080018AD05 /* SportsBardAppDelegate.m */,
				94EC6C85159666980018AD05 /* MainViewController.h */,
				94EC6C86159666980018AD05 /* MainViewController.m */,
				94EC6C87159666980018AD05 /* MainViewController.xib */,
				94EC6C8F159673C20018AD05 /* SportSelectionViewController.h */,
				94EC6C90159673C20018AD05 /* SportSelectionViewController.m */,
				94EC6C91159673C20018AD05 /* SportSelectionViewController.xib */,
				94EC6C94159677310018AD05 /* GamesViewController.h */,
				94EC6C95159677310018AD05 /* GamesViewController.m */,
				94EC6C9915967EEC0018AD05 /* GameTableViewCell.h */,
				94EC6C9A15967EEC0018AD05 /* GameTableViewCell.m */,
				475EB20B1596A30400D70102 /* SingleGameViewController.h */,
				475EB20C1596A30400D70102 /* SingleGameViewController.m */,
				475EB20D1596A30400D70102 /* SingleGameViewController.xib */,
				94EC711E1596D1820018AD05 /* SingleGameTableViewCell.h */,
				94EC711F1596D1840018AD05 /* SingleGameTableViewCell.m */,
				94EC70DA1596BA8C0018AD05 /* AddGameViewController.h */,
				94EC70DB1596BA8C0018AD05 /* AddGameViewController.m */,
				94EC70DC1596BA8D0018AD05 /* AddGameViewController.xib */,
				94EC6CC6159692190018AD05 /* DataRequester.h */,
				94EC6CC7159692190018AD05 /* DataRequester.m */,
				94EC70D1159699FB0018AD05 /* Utilities */,
				94EC70D61596BA160018AD05 /* Resources */,
				94EC6C9C1596911C0018AD05 /* External */,
				94EC6C71159666080018AD05 /* Supporting Files */,
			);
			path = SportsBard;
			sourceTree = "<group>";
		};
		94EC6C71159666080018AD05 /* Supporting Files */ = {
			isa = PBXGroup;
			children = (
				94EC6C72159666080018AD05 /* SportsBard-Info.plist */,
				94EC6C73159666080018AD05 /* InfoPlist.strings */,
				94EC6C76159666080018AD05 /* main.m */,
				94EC6C78159666080018AD05 /* SportsBard-Prefix.pch */,
			);
			name = "Supporting Files";
			sourceTree = "<group>";
		};
		94EC6C9C1596911C0018AD05 /* External */ = {
			isa = PBXGroup;
			children = (
				94EC7082159697330018AD05 /* socket.IO-objc */,
				94EC6C9D1596912A0018AD05 /* ASIHTTPRequest */,
				94EC6CB21596912A0018AD05 /* Reachability */,
			);
			name = External;
			sourceTree = "<group>";
		};
		94EC6C9D1596912A0018AD05 /* ASIHTTPRequest */ = {
			isa = PBXGroup;
			children = (
				94EC6C9E1596912A0018AD05 /* ASIAuthenticationDialog.h */,
				94EC6C9F1596912A0018AD05 /* ASIAuthenticationDialog.m */,
				94EC6CA01596912A0018AD05 /* ASICacheDelegate.h */,
				94EC6CA11596912A0018AD05 /* ASIDataCompressor.h */,
				94EC6CA21596912A0018AD05 /* ASIDataCompressor.m */,
				94EC6CA31596912A0018AD05 /* ASIDataDecompressor.h */,
				94EC6CA41596912A0018AD05 /* ASIDataDecompressor.m */,
				94EC6CA51596912A0018AD05 /* ASIDownloadCache.h */,
				94EC6CA61596912A0018AD05 /* ASIDownloadCache.m */,
				94EC6CA71596912A0018AD05 /* ASIFormDataRequest.h */,
				94EC6CA81596912A0018AD05 /* ASIFormDataRequest.m */,
				94EC6CA91596912A0018AD05 /* ASIHTTPRequest.h */,
				94EC6CAA1596912A0018AD05 /* ASIHTTPRequest.m */,
				94EC6CAB1596912A0018AD05 /* ASIHTTPRequestConfig.h */,
				94EC6CAC1596912A0018AD05 /* ASIHTTPRequestDelegate.h */,
				94EC6CAD1596912A0018AD05 /* ASIInputStream.h */,
				94EC6CAE1596912A0018AD05 /* ASIInputStream.m */,
				94EC6CAF1596912A0018AD05 /* ASINetworkQueue.h */,
				94EC6CB01596912A0018AD05 /* ASINetworkQueue.m */,
				94EC6CB11596912A0018AD05 /* ASIProgressDelegate.h */,
			);
			name = ASIHTTPRequest;
			path = External/ASIHTTPRequest;
			sourceTree = "<group>";
		};
		94EC6CB21596912A0018AD05 /* Reachability */ = {
			isa = PBXGroup;
			children = (
				94EC6CB31596912A0018AD05 /* Reachability.h */,
				94EC6CB41596912A0018AD05 /* Reachability.m */,
			);
			name = Reachability;
			path = External/Reachability;
			sourceTree = "<group>";
		};
		94EC7082159697330018AD05 /* socket.IO-objc */ = {
			isa = PBXGroup;
			children = (
				94EC7083159697330018AD05 /* SocketIO.h */,
				94EC7084159697330018AD05 /* SocketIO.m */,
				94EC7085159697330018AD05 /* SocketTesterARC */,
				94EC7086159697330018AD05 /* submodules */,
			);
			name = "socket.IO-objc";
			path = "External/socket.IO-objc";
			sourceTree = "<group>";
		};
		94EC7085159697330018AD05 /* SocketTesterARC */ = {
			isa = PBXGroup;
			children = (
			);
			path = SocketTesterARC;
			sourceTree = "<group>";
		};
		94EC7086159697330018AD05 /* submodules */ = {
			isa = PBXGroup;
			children = (
				94EC7087159697330018AD05 /* json-framework */,
				94EC70A9159697330018AD05 /* socket-rocket */,
			);
			path = submodules;
			sourceTree = "<group>";
		};
		94EC7087159697330018AD05 /* json-framework */ = {
			isa = PBXGroup;
			children = (
				94EC7088159697330018AD05 /* Classes */,
				94EC70A2159697330018AD05 /* SBJson */,
				94EC70A7159697330018AD05 /* sbjson-ios */,
			);
			path = "json-framework";
			sourceTree = "<group>";
		};
		94EC7088159697330018AD05 /* Classes */ = {
			isa = PBXGroup;
			children = (
				94EC7089159697330018AD05 /* NSObject+SBJson.h */,
				94EC708A159697330018AD05 /* NSObject+SBJson.m */,
				94EC708B159697330018AD05 /* SBJson.h */,
				94EC708C159697330018AD05 /* SBJsonParser.h */,
				94EC708D159697330018AD05 /* SBJsonParser.m */,
				94EC708E159697330018AD05 /* SBJsonStreamParser.h */,
				94EC708F159697330018AD05 /* SBJsonStreamParser.m */,
				94EC7090159697330018AD05 /* SBJsonStreamParserAccumulator.h */,
				94EC7091159697330018AD05 /* SBJsonStreamParserAccumulator.m */,
				94EC7092159697330018AD05 /* SBJsonStreamParserAdapter.h */,
				94EC7093159697330018AD05 /* SBJsonStreamParserAdapter.m */,
				94EC7094159697330018AD05 /* SBJsonStreamParserState.h */,
				94EC7095159697330018AD05 /* SBJsonStreamParserState.m */,
				94EC7096159697330018AD05 /* SBJsonStreamWriter.h */,
				94EC7097159697330018AD05 /* SBJsonStreamWriter.m */,
				94EC7098159697330018AD05 /* SBJsonStreamWriterAccumulator.h */,
				94EC7099159697330018AD05 /* SBJsonStreamWriterAccumulator.m */,
				94EC709A159697330018AD05 /* SBJsonStreamWriterState.h */,
				94EC709B159697330018AD05 /* SBJsonStreamWriterState.m */,
				94EC709C159697330018AD05 /* SBJsonTokeniser.h */,
				94EC709D159697330018AD05 /* SBJsonTokeniser.m */,
				94EC709E159697330018AD05 /* SBJsonUTF8Stream.h */,
				94EC709F159697330018AD05 /* SBJsonUTF8Stream.m */,
				94EC70A0159697330018AD05 /* SBJsonWriter.h */,
				94EC70A1159697330018AD05 /* SBJsonWriter.m */,
			);
			path = Classes;
			sourceTree = "<group>";
		};
		94EC70A2159697330018AD05 /* SBJson */ = {
			isa = PBXGroup;
			children = (
				94EC70A3159697330018AD05 /* InfoPlist.strings */,
				94EC70A5159697330018AD05 /* SBJson-Info.plist */,
				94EC70A6159697330018AD05 /* SBJson-Prefix.pch */,
			);
			path = SBJson;
			sourceTree = "<group>";
		};
		94EC70A7159697330018AD05 /* sbjson-ios */ = {
			isa = PBXGroup;
			children = (
				94EC70A8159697330018AD05 /* sbjson-ios-Prefix.pch */,
			);
			path = "sbjson-ios";
			sourceTree = "<group>";
		};
		94EC70A9159697330018AD05 /* socket-rocket */ = {
			isa = PBXGroup;
			children = (
				94EC70AA159697330018AD05 /* extern */,
				94EC70AE159697330018AD05 /* pages */,
				94EC70AF159697330018AD05 /* SocketRocket */,
				94EC70B7159697330018AD05 /* SocketRocketOSX */,
			);
			path = "socket-rocket";
			sourceTree = "<group>";
		};
		94EC70AA159697330018AD05 /* extern */ = {
			isa = PBXGroup;
			children = (
				94EC70AB159697330018AD05 /* virtualenv */,
			);
			path = extern;
			sourceTree = "<group>";
		};
		94EC70AB159697330018AD05 /* virtualenv */ = {
			isa = PBXGroup;
			children = (
				94EC70AC159697330018AD05 /* LICENSE.txt */,
				94EC70AD159697330018AD05 /* virtualenv.py */,
			);
			path = virtualenv;
			sourceTree = "<group>";
		};
		94EC70AE159697330018AD05 /* pages */ = {
			isa = PBXGroup;
			children = (
			);
			path = pages;
			sourceTree = "<group>";
		};
		94EC70AF159697330018AD05 /* SocketRocket */ = {
			isa = PBXGroup;
			children = (
				94EC70B0159697330018AD05 /* base64.c */,
				94EC70B1159697330018AD05 /* base64.h */,
				94EC70B2159697330018AD05 /* NSData+SRB64Additions.h */,
				94EC70B3159697330018AD05 /* NSData+SRB64Additions.m */,
				94EC70B4159697330018AD05 /* SocketRocket-Prefix.pch */,
				94EC70B5159697330018AD05 /* SRWebSocket.h */,
				94EC70B6159697330018AD05 /* SRWebSocket.m */,
			);
			path = SocketRocket;
			sourceTree = "<group>";
		};
		94EC70B7159697330018AD05 /* SocketRocketOSX */ = {
			isa = PBXGroup;
			children = (
				94EC70B8159697330018AD05 /* SocketRocketOSX-Info.plist */,
			);
			path = SocketRocketOSX;
			sourceTree = "<group>";
		};
		94EC70D1159699FB0018AD05 /* Utilities */ = {
			isa = PBXGroup;
			children = (
				94EC70CE159699870018AD05 /* NSDate+DateAdditions.h */,
				94EC70CF159699870018AD05 /* NSDate+DateAdditions.m */,
			);
			name = Utilities;
			sourceTree = "<group>";
		};
		94EC70D61596BA160018AD05 /* Resources */ = {
			isa = PBXGroup;
			children = (
				94EC715E1596FB580018AD05 /* indicator.png */,
				475EB2291596CCC700D70102 /* UI Assets */,
				94EC70DF1596BD540018AD05 /* logos */,
				94EC70D81596BA1F0018AD05 /* invite_button@2x.png */,
			);
			name = Resources;
			sourceTree = "<group>";
		};
		94EC70DF1596BD540018AD05 /* logos */ = {
			isa = PBXGroup;
			children = (
				94EC711C1596BEF40018AD05 /* MIA.png */,
				94EC70E01596BD540018AD05 /* ARI.png */,
				94EC70E11596BD540018AD05 /* ATL.png */,
				94EC70E21596BD540018AD05 /* BAL.png */,
				94EC70E31596BD540018AD05 /* BOS.png */,
				94EC70E41596BD540018AD05 /* CHC.png */,
				94EC70E51596BD540018AD05 /* CHW.png */,
				94EC70E61596BD540018AD05 /* CIN.png */,
				94EC70E71596BD540018AD05 /* CLE.png */,
				94EC70E81596BD540018AD05 /* COL.png */,
				94EC70E91596BD540018AD05 /* DET.png */,
				94EC70EB1596BD540018AD05 /* HOU.png */,
				94EC70EC1596BD540018AD05 /* KAN.png */,
				94EC70ED1596BD540018AD05 /* LAA.png */,
				94EC70EE1596BD540018AD05 /* LAD.png */,
				94EC70EF1596BD540018AD05 /* MIL.png */,
				94EC70F01596BD540018AD05 /* MIN.png */,
				94EC70F11596BD540018AD05 /* NYM.png */,
				94EC70F21596BD540018AD05 /* NYY.png */,
				94EC70F31596BD540018AD05 /* OAK.png */,
				94EC70F41596BD540018AD05 /* PHI.png */,
				94EC70F51596BD540018AD05 /* PIT.png */,
				94EC70F61596BD540018AD05 /* SDG.png */,
				94EC70F71596BD540018AD05 /* SEA.png */,
				94EC70F81596BD540018AD05 /* SFO.png */,
				94EC70F91596BD540018AD05 /* STL.png */,
				94EC70FA1596BD540018AD05 /* TAM.png */,
				94EC70FB1596BD540018AD05 /* TEX.png */,
				94EC70FC1596BD540018AD05 /* TOR.png */,
				94EC70FD1596BD540018AD05 /* WAS.png */,
			);
			name = logos;
			path = Resources/logos;
			sourceTree = "<group>";
		};
/* End PBXGroup section */

/* Begin PBXNativeTarget section */
		94EC6C65159666080018AD05 /* SportsBard */ = {
			isa = PBXNativeTarget;
			buildConfigurationList = 94EC6C7E159666080018AD05 /* Build configuration list for PBXNativeTarget "SportsBard" */;
			buildPhases = (
				94EC6C62159666080018AD05 /* Sources */,
				94EC6C63159666080018AD05 /* Frameworks */,
				94EC6C64159666080018AD05 /* Resources */,
			);
			buildRules = (
			);
			dependencies = (
			);
			name = SportsBard;
			productName = SportsBard;
			productReference = 94EC6C66159666080018AD05 /* SportsBard.app */;
			productType = "com.apple.product-type.application";
		};
/* End PBXNativeTarget section */

/* Begin PBXProject section */
		94EC6C5D159666080018AD05 /* Project object */ = {
			isa = PBXProject;
			attributes = {
				CLASSPREFIX = SportsBard;
				LastUpgradeCheck = 0430;
			};
			buildConfigurationList = 94EC6C60159666080018AD05 /* Build configuration list for PBXProject "SportsBard" */;
			compatibilityVersion = "Xcode 3.2";
			developmentRegion = English;
			hasScannedForEncodings = 0;
			knownRegions = (
				en,
			);
			mainGroup = 94EC6C5B159666080018AD05;
			productRefGroup = 94EC6C67159666080018AD05 /* Products */;
			projectDirPath = "";
			projectRoot = "";
			targets = (
				94EC6C65159666080018AD05 /* SportsBard */,
			);
		};
/* End PBXProject section */

/* Begin PBXResourcesBuildPhase section */
		94EC6C64159666080018AD05 /* Resources */ = {
			isa = PBXResourcesBuildPhase;
			buildActionMask = 2147483647;
			files = (
				94EC6C75159666080018AD05 /* InfoPlist.strings in Resources */,
				94EC6C89159666980018AD05 /* MainViewController.xib in Resources */,
				94EC6C93159673C20018AD05 /* SportSelectionViewController.xib in Resources */,
				94EC70C6159697330018AD05 /* InfoPlist.strings in Resources */,
				94EC70C7159697330018AD05 /* SBJson-Info.plist in Resources */,
				94EC70C8159697330018AD05 /* LICENSE.txt in Resources */,
				94EC70C9159697330018AD05 /* virtualenv.py in Resources */,
				94EC70CD159697330018AD05 /* SocketRocketOSX-Info.plist in Resources */,
				475EB20F1596A30400D70102 /* SingleGameViewController.xib in Resources */,
				94EC70D91596BA1F0018AD05 /* invite_button@2x.png in Resources */,
				94EC70DE1596BA8D0018AD05 /* AddGameViewController.xib in Resources */,
				94EC70FE1596BD540018AD05 /* ARI.png in Resources */,
				94EC70FF1596BD540018AD05 /* ATL.png in Resources */,
				94EC71001596BD540018AD05 /* BAL.png in Resources */,
				94EC71011596BD540018AD05 /* BOS.png in Resources */,
				94EC71021596BD540018AD05 /* CHC.png in Resources */,
				94EC71031596BD540018AD05 /* CHW.png in Resources */,
				94EC71041596BD540018AD05 /* CIN.png in Resources */,
				94EC71051596BD540018AD05 /* CLE.png in Resources */,
				94EC71061596BD540018AD05 /* COL.png in Resources */,
				94EC71071596BD540018AD05 /* DET.png in Resources */,
				94EC71091596BD540018AD05 /* HOU.png in Resources */,
				94EC710A1596BD540018AD05 /* KAN.png in Resources */,
				94EC710B1596BD540018AD05 /* LAA.png in Resources */,
				94EC710C1596BD540018AD05 /* LAD.png in Resources */,
				94EC710D1596BD540018AD05 /* MIL.png in Resources */,
				94EC710E1596BD540018AD05 /* MIN.png in Resources */,
				94EC710F1596BD540018AD05 /* NYM.png in Resources */,
				94EC71101596BD540018AD05 /* NYY.png in Resources */,
				94EC71111596BD540018AD05 /* OAK.png in Resources */,
				94EC71121596BD540018AD05 /* PHI.png in Resources */,
				94EC71131596BD540018AD05 /* PIT.png in Resources */,
				94EC71141596BD540018AD05 /* SDG.png in Resources */,
				94EC71151596BD540018AD05 /* SEA.png in Resources */,
				94EC71161596BD540018AD05 /* SFO.png in Resources */,
				94EC71171596BD540018AD05 /* STL.png in Resources */,
				94EC71181596BD540018AD05 /* TAM.png in Resources */,
				94EC71191596BD540018AD05 /* TEX.png in Resources */,
				94EC711A1596BD540018AD05 /* TOR.png in Resources */,
				94EC711B1596BD540018AD05 /* WAS.png in Resources */,
				94EC711D1596BEF50018AD05 /* MIA.png in Resources */,
				475EB2331596CCC700D70102 /* button_currentGame.png in Resources */,
				475EB2341596CCC700D70102 /* icon_add.png in Resources */,
				475EB2351596CCC700D70102 /* icon_arrow.png in Resources */,
				475EB2361596CCC700D70102 /* logo.png in Resources */,
				475EB2381596CCC700D70102 /* signin_facebook.png in Resources */,
				475EB2391596CCC700D70102 /* signin_gmail.png in Resources */,
				475EB23A1596CCC700D70102 /* signin_logo.png in Resources */,
				475EB23B1596CCC700D70102 /* signin_twitter.png in Resources */,
				475EB23D1596D3D400D70102 /* background_fade.png in Resources */,
				475EB23F1596D57600D70102 /* signin_background.png in Resources */,
				94EC715F1596FB580018AD05 /* indicator.png in Resources */,
			);
			runOnlyForDeploymentPostprocessing = 0;
		};
/* End PBXResourcesBuildPhase section */

/* Begin PBXSourcesBuildPhase section */
		94EC6C62159666080018AD05 /* Sources */ = {
			isa = PBXSourcesBuildPhase;
			buildActionMask = 2147483647;
			files = (
				94EC6C77159666080018AD05 /* main.m in Sources */,
				94EC6C7B159666080018AD05 /* SportsBardAppDelegate.m in Sources */,
				94EC6C88159666980018AD05 /* MainViewController.m in Sources */,
				94EC6C92159673C20018AD05 /* SportSelectionViewController.m in Sources */,
				94EC6C97159677310018AD05 /* GamesViewController.m in Sources */,
				94EC6C9B15967EEC0018AD05 /* GameTableViewCell.m in Sources */,
				94EC6CB51596912A0018AD05 /* ASIAuthenticationDialog.m in Sources */,
				94EC6CB61596912A0018AD05 /* ASIDataCompressor.m in Sources */,
				94EC6CB71596912A0018AD05 /* ASIDataDecompressor.m in Sources */,
				94EC6CB81596912A0018AD05 /* ASIDownloadCache.m in Sources */,
				94EC6CB91596912A0018AD05 /* ASIFormDataRequest.m in Sources */,
				94EC6CBA1596912A0018AD05 /* ASIHTTPRequest.m in Sources */,
				94EC6CBB1596912A0018AD05 /* ASIInputStream.m in Sources */,
				94EC6CBC1596912A0018AD05 /* ASINetworkQueue.m in Sources */,
				94EC6CBD1596912A0018AD05 /* Reachability.m in Sources */,
				94EC6CC8159692190018AD05 /* DataRequester.m in Sources */,
				94EC70B9159697330018AD05 /* SocketIO.m in Sources */,
				94EC70BA159697330018AD05 /* NSObject+SBJson.m in Sources */,
				94EC70BB159697330018AD05 /* SBJsonParser.m in Sources */,
				94EC70BC159697330018AD05 /* SBJsonStreamParser.m in Sources */,
				94EC70BD159697330018AD05 /* SBJsonStreamParserAccumulator.m in Sources */,
				94EC70BE159697330018AD05 /* SBJsonStreamParserAdapter.m in Sources */,
				94EC70BF159697330018AD05 /* SBJsonStreamParserState.m in Sources */,
				94EC70C0159697330018AD05 /* SBJsonStreamWriter.m in Sources */,
				94EC70C1159697330018AD05 /* SBJsonStreamWriterAccumulator.m in Sources */,
				94EC70C2159697330018AD05 /* SBJsonStreamWriterState.m in Sources */,
				94EC70C3159697330018AD05 /* SBJsonTokeniser.m in Sources */,
				94EC70C4159697330018AD05 /* SBJsonUTF8Stream.m in Sources */,
				94EC70C5159697330018AD05 /* SBJsonWriter.m in Sources */,
				94EC70CA159697330018AD05 /* base64.c in Sources */,
				94EC70CB159697330018AD05 /* NSData+SRB64Additions.m in Sources */,
				94EC70CC159697330018AD05 /* SRWebSocket.m in Sources */,
				94EC70D0159699870018AD05 /* NSDate+DateAdditions.m in Sources */,
				475EB20E1596A30400D70102 /* SingleGameViewController.m in Sources */,
				94EC70DD1596BA8D0018AD05 /* AddGameViewController.m in Sources */,
				94EC71201596D1860018AD05 /* SingleGameTableViewCell.m in Sources */,
			);
			runOnlyForDeploymentPostprocessing = 0;
		};
/* End PBXSourcesBuildPhase section */

/* Begin PBXVariantGroup section */
		94EC6C73159666080018AD05 /* InfoPlist.strings */ = {
			isa = PBXVariantGroup;
			children = (
				94EC6C74159666080018AD05 /* en */,
			);
			name = InfoPlist.strings;
			sourceTree = "<group>";
		};
		94EC70A3159697330018AD05 /* InfoPlist.strings */ = {
			isa = PBXVariantGroup;
			children = (
				94EC70A4159697330018AD05 /* en */,
			);
			name = InfoPlist.strings;
			sourceTree = "<group>";
		};
/* End PBXVariantGroup section */

/* Begin XCBuildConfiguration section */
		94EC6C7C159666080018AD05 /* Debug */ = {
			isa = XCBuildConfiguration;
			buildSettings = {
				ALWAYS_SEARCH_USER_PATHS = NO;
				ARCHS = "$(ARCHS_STANDARD_32_BIT)";
				CLANG_ENABLE_OBJC_ARC = YES;
				"CODE_SIGN_IDENTITY[sdk=iphoneos*]" = "iPhone Developer";
				COPY_PHASE_STRIP = NO;
				GCC_C_LANGUAGE_STANDARD = gnu99;
				GCC_DYNAMIC_NO_PIC = NO;
				GCC_OPTIMIZATION_LEVEL = 0;
				GCC_PREPROCESSOR_DEFINITIONS = (
					"DEBUG=1",
					"$(inherited)",
				);
				GCC_SYMBOLS_PRIVATE_EXTERN = NO;
				GCC_VERSION = com.apple.compilers.llvm.clang.1_0;
				GCC_WARN_ABOUT_RETURN_TYPE = YES;
				GCC_WARN_UNINITIALIZED_AUTOS = YES;
				GCC_WARN_UNUSED_VARIABLE = YES;
				IPHONEOS_DEPLOYMENT_TARGET = 5.1;
				SDKROOT = iphoneos;
				TARGETED_DEVICE_FAMILY = "1,2";
			};
			name = Debug;
		};
		94EC6C7D159666080018AD05 /* Release */ = {
			isa = XCBuildConfiguration;
			buildSettings = {
				ALWAYS_SEARCH_USER_PATHS = NO;
				ARCHS = "$(ARCHS_STANDARD_32_BIT)";
				CLANG_ENABLE_OBJC_ARC = YES;
				"CODE_SIGN_IDENTITY[sdk=iphoneos*]" = "iPhone Developer";
				COPY_PHASE_STRIP = YES;
				GCC_C_LANGUAGE_STANDARD = gnu99;
				GCC_VERSION = com.apple.compilers.llvm.clang.1_0;
				GCC_WARN_ABOUT_RETURN_TYPE = YES;
				GCC_WARN_UNINITIALIZED_AUTOS = YES;
				GCC_WARN_UNUSED_VARIABLE = YES;
				IPHONEOS_DEPLOYMENT_TARGET = 5.1;
				OTHER_CFLAGS = "-DNS_BLOCK_ASSERTIONS=1";
				SDKROOT = iphoneos;
				TARGETED_DEVICE_FAMILY = "1,2";
				VALIDATE_PRODUCT = YES;
			};
			name = Release;
		};
		94EC6C7F159666080018AD05 /* Debug */ = {
			isa = XCBuildConfiguration;
			buildSettings = {
				GCC_PRECOMPILE_PREFIX_HEADER = YES;
				GCC_PREFIX_HEADER = "SportsBard/SportsBard-Prefix.pch";
				INFOPLIST_FILE = "SportsBard/SportsBard-Info.plist";
				PRODUCT_NAME = "$(TARGET_NAME)";
				WRAPPER_EXTENSION = app;
			};
			name = Debug;
		};
		94EC6C80159666080018AD05 /* Release */ = {
			isa = XCBuildConfiguration;
			buildSettings = {
				GCC_PRECOMPILE_PREFIX_HEADER = YES;
				GCC_PREFIX_HEADER = "SportsBard/SportsBard-Prefix.pch";
				INFOPLIST_FILE = "SportsBard/SportsBard-Info.plist";
				PRODUCT_NAME = "$(TARGET_NAME)";
				WRAPPER_EXTENSION = app;
			};
			name = Release;
		};
/* End XCBuildConfiguration section */

/* Begin XCConfigurationList section */
		94EC6C60159666080018AD05 /* Build configuration list for PBXProject "SportsBard" */ = {
			isa = XCConfigurationList;
			buildConfigurations = (
				94EC6C7C159666080018AD05 /* Debug */,
				94EC6C7D159666080018AD05 /* Release */,
			);
			defaultConfigurationIsVisible = 0;
			defaultConfigurationName = Release;
		};
		94EC6C7E159666080018AD05 /* Build configuration list for PBXNativeTarget "SportsBard" */ = {
			isa = XCConfigurationList;
			buildConfigurations = (
				94EC6C7F159666080018AD05 /* Debug */,
				94EC6C80159666080018AD05 /* Release */,
			);
			defaultConfigurationIsVisible = 0;
			defaultConfigurationName = Release;
		};
/* End XCConfigurationList section */
	};
	rootObject = 94EC6C5D159666080018AD05 /* Project object */;
}
