// !$*UTF8*$!
{
	archiveVersion = 1;
	classes = {
	};
	objectVersion = 46;
	objects = {

/* Begin PBXBuildFile section */
		94EC6C6B159666080018AD05 /* UIKit.framework in Frameworks */ = {isa = PBXBuildFile; fileRef = 94EC6C6A159666080018AD05 /* UIKit.framework */; };
		94EC6C6D159666080018AD05 /* Foundation.framework in Frameworks */ = {isa = PBXBuildFile; fileRef = 94EC6C6C159666080018AD05 /* Foundation.framework */; };
		94EC6C6F159666080018AD05 /* CoreGraphics.framework in Frameworks */ = {isa = PBXBuildFile; fileRef = 94EC6C6E159666080018AD05 /* CoreGraphics.framework */; };
		94EC6C75159666080018AD05 /* InfoPlist.strings in Resources */ = {isa = PBXBuildFile; fileRef = 94EC6C73159666080018AD05 /* InfoPlist.strings */; };
		94EC6C77159666080018AD05 /* main.m in Sources */ = {isa = PBXBuildFile; fileRef = 94EC6C76159666080018AD05 /* main.m */; };
		94EC6C7B159666080018AD05 /* SportsBardAppDelegate.m in Sources */ = {isa = PBXBuildFile; fileRef = 94EC6C7A159666080018AD05 /* SportsBardAppDelegate.m */; };
		94EC6C88159666980018AD05 /* MainViewController.m in Sources */ = {isa = PBXBuildFile; fileRef = 94EC6C86159666980018AD05 /* MainViewController.m */; };
		94EC6C89159666980018AD05 /* MainViewController.xib in Resources */ = {isa = PBXBuildFile; fileRef = 94EC6C87159666980018AD05 /* MainViewController.xib */; };
		94EC6C92159673C20018AD05 /* SportSelectionViewController.m in Sources */ = {isa = PBXBuildFile; fileRef = 94EC6C90159673C20018AD05 /* SportSelectionViewController.m */; };
		94EC6C93159673C20018AD05 /* SportSelectionViewController.xib in Resources */ = {isa = PBXBuildFile; fileRef = 94EC6C91159673C20018AD05 /* SportSelectionViewController.xib */; };
		94EC6C97159677310018AD05 /* GamesViewController.m in Sources */ = {isa = PBXBuildFile; fileRef = 94EC6C95159677310018AD05 /* GamesViewController.m */; };
		94EC6C98159677310018AD05 /* GamesViewController.xib in Resources */ = {isa = PBXBuildFile; fileRef = 94EC6C96159677310018AD05 /* GamesViewController.xib */; };
/* End PBXBuildFile section */

/* Begin PBXFileReference section */
		94EC6C66159666080018AD05 /* SportsBard.app */ = {isa = PBXFileReference; explicitFileType = wrapper.application; includeInIndex = 0; path = SportsBard.app; sourceTree = BUILT_PRODUCTS_DIR; };
		94EC6C6A159666080018AD05 /* UIKit.framework */ = {isa = PBXFileReference; lastKnownFileType = wrapper.framework; name = UIKit.framework; path = System/Library/Frameworks/UIKit.framework; sourceTree = SDKROOT; };
		94EC6C6C159666080018AD05 /* Foundation.framework */ = {isa = PBXFileReference; lastKnownFileType = wrapper.framework; name = Foundation.framework; path = System/Library/Frameworks/Foundation.framework; sourceTree = SDKROOT; };
		94EC6C6E159666080018AD05 /* CoreGraphics.framework */ = {isa = PBXFileReference; lastKnownFileType = wrapper.framework; name = CoreGraphics.framework; path = System/Library/Frameworks/CoreGraphics.framework; sourceTree = SDKROOT; };
		94EC6C72159666080018AD05 /* SportsBard-Info.plist */ = {isa = PBXFileReference; lastKnownFileType = text.plist.xml; path = "SportsBard-Info.plist"; sourceTree = "<group>"; };
		94EC6C74159666080018AD05 /* en */ = {isa = PBXFileReference; lastKnownFileType = text.plist.strings; name = en; path = en.lproj/InfoPlist.strings; sourceTree = "<group>"; };
		94EC6C76159666080018AD05 /* main.m */ = {isa = PBXFileReference; lastKnownFileType = sourcecode.c.objc; path = main.m; sourceTree = "<group>"; };
		94EC6C78159666080018AD05 /* SportsBard-Prefix.pch */ = {isa = PBXFileReference; lastKnownFileType = sourcecode.c.h; path = "SportsBard-Prefix.pch"; sourceTree = "<group>"; };
		94EC6C79159666080018AD05 /* SportsBardAppDelegate.h */ = {isa = PBXFileReference; lastKnownFileType = sourcecode.c.h; path = SportsBardAppDelegate.h; sourceTree = "<group>"; };
		94EC6C7A159666080018AD05 /* SportsBardAppDelegate.m */ = {isa = PBXFileReference; lastKnownFileType = sourcecode.c.objc; path = SportsBardAppDelegate.m; sourceTree = "<group>"; };
		94EC6C85159666980018AD05 /* MainViewController.h */ = {isa = PBXFileReference; fileEncoding = 4; lastKnownFileType = sourcecode.c.h; path = MainViewController.h; sourceTree = "<group>"; };
		94EC6C86159666980018AD05 /* MainViewController.m */ = {isa = PBXFileReference; fileEncoding = 4; lastKnownFileType = sourcecode.c.objc; path = MainViewController.m; sourceTree = "<group>"; };
		94EC6C87159666980018AD05 /* MainViewController.xib */ = {isa = PBXFileReference; fileEncoding = 4; lastKnownFileType = file.xib; path = MainViewController.xib; sourceTree = "<group>"; };
		94EC6C8F159673C20018AD05 /* SportSelectionViewController.h */ = {isa = PBXFileReference; fileEncoding = 4; lastKnownFileType = sourcecode.c.h; path = SportSelectionViewController.h; sourceTree = "<group>"; };
		94EC6C90159673C20018AD05 /* SportSelectionViewController.m */ = {isa = PBXFileReference; fileEncoding = 4; lastKnownFileType = sourcecode.c.objc; path = SportSelectionViewController.m; sourceTree = "<group>"; };
		94EC6C91159673C20018AD05 /* SportSelectionViewController.xib */ = {isa = PBXFileReference; fileEncoding = 4; lastKnownFileType = file.xib; path = SportSelectionViewController.xib; sourceTree = "<group>"; };
		94EC6C94159677310018AD05 /* GamesViewController.h */ = {isa = PBXFileReference; fileEncoding = 4; lastKnownFileType = sourcecode.c.h; path = GamesViewController.h; sourceTree = "<group>"; };
		94EC6C95159677310018AD05 /* GamesViewController.m */ = {isa = PBXFileReference; fileEncoding = 4; lastKnownFileType = sourcecode.c.objc; path = GamesViewController.m; sourceTree = "<group>"; };
		94EC6C96159677310018AD05 /* GamesViewController.xib */ = {isa = PBXFileReference; fileEncoding = 4; lastKnownFileType = file.xib; path = GamesViewController.xib; sourceTree = "<group>"; };
/* End PBXFileReference section */

/* Begin PBXFrameworksBuildPhase section */
		94EC6C63159666080018AD05 /* Frameworks */ = {
			isa = PBXFrameworksBuildPhase;
			buildActionMask = 2147483647;
			files = (
				94EC6C6B159666080018AD05 /* UIKit.framework in Frameworks */,
				94EC6C6D159666080018AD05 /* Foundation.framework in Frameworks */,
				94EC6C6F159666080018AD05 /* CoreGraphics.framework in Frameworks */,
			);
			runOnlyForDeploymentPostprocessing = 0;
		};
/* End PBXFrameworksBuildPhase section */

/* Begin PBXGroup section */
		94EC6C5B159666080018AD05 = {
			isa = PBXGroup;
			children = (
				94EC6C70159666080018AD05 /* SportsBard */,
				94EC6C69159666080018AD05 /* Frameworks */,
				94EC6C67159666080018AD05 /* Products */,
			);
			sourceTree = "<group>";
		};
		94EC6C67159666080018AD05 /* Products */ = {
			isa = PBXGroup;
			children = (
				94EC6C66159666080018AD05 /* SportsBard.app */,
			);
			name = Products;
			sourceTree = "<group>";
		};
		94EC6C69159666080018AD05 /* Frameworks */ = {
			isa = PBXGroup;
			children = (
				94EC6C6A159666080018AD05 /* UIKit.framework */,
				94EC6C6C159666080018AD05 /* Foundation.framework */,
				94EC6C6E159666080018AD05 /* CoreGraphics.framework */,
			);
			name = Frameworks;
			sourceTree = "<group>";
		};
		94EC6C70159666080018AD05 /* SportsBard */ = {
			isa = PBXGroup;
			children = (
				94EC6C79159666080018AD05 /* SportsBardAppDelegate.h */,
				94EC6C7A159666080018AD05 /* SportsBardAppDelegate.m */,
				94EC6C85159666980018AD05 /* MainViewController.h */,
				94EC6C86159666980018AD05 /* MainViewController.m */,
				94EC6C87159666980018AD05 /* MainViewController.xib */,
				94EC6C8F159673C20018AD05 /* SportSelectionViewController.h */,
				94EC6C90159673C20018AD05 /* SportSelectionViewController.m */,
				94EC6C91159673C20018AD05 /* SportSelectionViewController.xib */,
				94EC6C94159677310018AD05 /* GamesViewController.h */,
				94EC6C95159677310018AD05 /* GamesViewController.m */,
				94EC6C96159677310018AD05 /* GamesViewController.xib */,
				94EC6C71159666080018AD05 /* Supporting Files */,
			);
			path = SportsBard;
			sourceTree = "<group>";
		};
		94EC6C71159666080018AD05 /* Supporting Files */ = {
			isa = PBXGroup;
			children = (
				94EC6C72159666080018AD05 /* SportsBard-Info.plist */,
				94EC6C73159666080018AD05 /* InfoPlist.strings */,
				94EC6C76159666080018AD05 /* main.m */,
				94EC6C78159666080018AD05 /* SportsBard-Prefix.pch */,
			);
			name = "Supporting Files";
			sourceTree = "<group>";
		};
/* End PBXGroup section */

/* Begin PBXNativeTarget section */
		94EC6C65159666080018AD05 /* SportsBard */ = {
			isa = PBXNativeTarget;
			buildConfigurationList = 94EC6C7E159666080018AD05 /* Build configuration list for PBXNativeTarget "SportsBard" */;
			buildPhases = (
				94EC6C62159666080018AD05 /* Sources */,
				94EC6C63159666080018AD05 /* Frameworks */,
				94EC6C64159666080018AD05 /* Resources */,
			);
			buildRules = (
			);
			dependencies = (
			);
			name = SportsBard;
			productName = SportsBard;
			productReference = 94EC6C66159666080018AD05 /* SportsBard.app */;
			productType = "com.apple.product-type.application";
		};
/* End PBXNativeTarget section */

/* Begin PBXProject section */
		94EC6C5D159666080018AD05 /* Project object */ = {
			isa = PBXProject;
			attributes = {
				CLASSPREFIX = SportsBard;
				LastUpgradeCheck = 0430;
			};
			buildConfigurationList = 94EC6C60159666080018AD05 /* Build configuration list for PBXProject "SportsBard" */;
			compatibilityVersion = "Xcode 3.2";
			developmentRegion = English;
			hasScannedForEncodings = 0;
			knownRegions = (
				en,
			);
			mainGroup = 94EC6C5B159666080018AD05;
			productRefGroup = 94EC6C67159666080018AD05 /* Products */;
			projectDirPath = "";
			projectRoot = "";
			targets = (
				94EC6C65159666080018AD05 /* SportsBard */,
			);
		};
/* End PBXProject section */

/* Begin PBXResourcesBuildPhase section */
		94EC6C64159666080018AD05 /* Resources */ = {
			isa = PBXResourcesBuildPhase;
			buildActionMask = 2147483647;
			files = (
				94EC6C75159666080018AD05 /* InfoPlist.strings in Resources */,
				94EC6C89159666980018AD05 /* MainViewController.xib in Resources */,
				94EC6C93159673C20018AD05 /* SportSelectionViewController.xib in Resources */,
				94EC6C98159677310018AD05 /* GamesViewController.xib in Resources */,
			);
			runOnlyForDeploymentPostprocessing = 0;
		};
/* End PBXResourcesBuildPhase section */

/* Begin PBXSourcesBuildPhase section */
		94EC6C62159666080018AD05 /* Sources */ = {
			isa = PBXSourcesBuildPhase;
			buildActionMask = 2147483647;
			files = (
				94EC6C77159666080018AD05 /* main.m in Sources */,
				94EC6C7B159666080018AD05 /* SportsBardAppDelegate.m in Sources */,
				94EC6C88159666980018AD05 /* MainViewController.m in Sources */,
				94EC6C92159673C20018AD05 /* SportSelectionViewController.m in Sources */,
				94EC6C97159677310018AD05 /* GamesViewController.m in Sources */,
			);
			runOnlyForDeploymentPostprocessing = 0;
		};
/* End PBXSourcesBuildPhase section */

/* Begin PBXVariantGroup section */
		94EC6C73159666080018AD05 /* InfoPlist.strings */ = {
			isa = PBXVariantGroup;
			children = (
				94EC6C74159666080018AD05 /* en */,
			);
			name = InfoPlist.strings;
			sourceTree = "<group>";
		};
/* End PBXVariantGroup section */

/* Begin XCBuildConfiguration section */
		94EC6C7C159666080018AD05 /* Debug */ = {
			isa = XCBuildConfiguration;
			buildSettings = {
				ALWAYS_SEARCH_USER_PATHS = NO;
				ARCHS = "$(ARCHS_STANDARD_32_BIT)";
				CLANG_ENABLE_OBJC_ARC = YES;
				"CODE_SIGN_IDENTITY[sdk=iphoneos*]" = "iPhone Developer";
				COPY_PHASE_STRIP = NO;
				GCC_C_LANGUAGE_STANDARD = gnu99;
				GCC_DYNAMIC_NO_PIC = NO;
				GCC_OPTIMIZATION_LEVEL = 0;
				GCC_PREPROCESSOR_DEFINITIONS = (
					"DEBUG=1",
					"$(inherited)",
				);
				GCC_SYMBOLS_PRIVATE_EXTERN = NO;
				GCC_VERSION = com.apple.compilers.llvm.clang.1_0;
				GCC_WARN_ABOUT_RETURN_TYPE = YES;
				GCC_WARN_UNINITIALIZED_AUTOS = YES;
				GCC_WARN_UNUSED_VARIABLE = YES;
				IPHONEOS_DEPLOYMENT_TARGET = 5.1;
				SDKROOT = iphoneos;
				TARGETED_DEVICE_FAMILY = "1,2";
			};
			name = Debug;
		};
		94EC6C7D159666080018AD05 /* Release */ = {
			isa = XCBuildConfiguration;
			buildSettings = {
				ALWAYS_SEARCH_USER_PATHS = NO;
				ARCHS = "$(ARCHS_STANDARD_32_BIT)";
				CLANG_ENABLE_OBJC_ARC = YES;
				"CODE_SIGN_IDENTITY[sdk=iphoneos*]" = "iPhone Developer";
				COPY_PHASE_STRIP = YES;
				GCC_C_LANGUAGE_STANDARD = gnu99;
				GCC_VERSION = com.apple.compilers.llvm.clang.1_0;
				GCC_WARN_ABOUT_RETURN_TYPE = YES;
				GCC_WARN_UNINITIALIZED_AUTOS = YES;
				GCC_WARN_UNUSED_VARIABLE = YES;
				IPHONEOS_DEPLOYMENT_TARGET = 5.1;
				OTHER_CFLAGS = "-DNS_BLOCK_ASSERTIONS=1";
				SDKROOT = iphoneos;
				TARGETED_DEVICE_FAMILY = "1,2";
				VALIDATE_PRODUCT = YES;
			};
			name = Release;
		};
		94EC6C7F159666080018AD05 /* Debug */ = {
			isa = XCBuildConfiguration;
			buildSettings = {
				GCC_PRECOMPILE_PREFIX_HEADER = YES;
				GCC_PREFIX_HEADER = "SportsBard/SportsBard-Prefix.pch";
				INFOPLIST_FILE = "SportsBard/SportsBard-Info.plist";
				PRODUCT_NAME = "$(TARGET_NAME)";
				WRAPPER_EXTENSION = app;
			};
			name = Debug;
		};
		94EC6C80159666080018AD05 /* Release */ = {
			isa = XCBuildConfiguration;
			buildSettings = {
				GCC_PRECOMPILE_PREFIX_HEADER = YES;
				GCC_PREFIX_HEADER = "SportsBard/SportsBard-Prefix.pch";
				INFOPLIST_FILE = "SportsBard/SportsBard-Info.plist";
				PRODUCT_NAME = "$(TARGET_NAME)";
				WRAPPER_EXTENSION = app;
			};
			name = Release;
		};
/* End XCBuildConfiguration section */

/* Begin XCConfigurationList section */
		94EC6C60159666080018AD05 /* Build configuration list for PBXProject "SportsBard" */ = {
			isa = XCConfigurationList;
			buildConfigurations = (
				94EC6C7C159666080018AD05 /* Debug */,
				94EC6C7D159666080018AD05 /* Release */,
			);
			defaultConfigurationIsVisible = 0;
			defaultConfigurationName = Release;
		};
		94EC6C7E159666080018AD05 /* Build configuration list for PBXNativeTarget "SportsBard" */ = {
			isa = XCConfigurationList;
			buildConfigurations = (
				94EC6C7F159666080018AD05 /* Debug */,
				94EC6C80159666080018AD05 /* Release */,
			);
			defaultConfigurationIsVisible = 0;
			defaultConfigurationName = Release;
		};
/* End XCConfigurationList section */
	};
	rootObject = 94EC6C5D159666080018AD05 /* Project object */;
}
